// !$*UTF8*$!
{
	archiveVersion = 1;
	classes = {
	};
	objectVersion = 50;
	objects = {

/* Begin PBXBuildFile section */
		15025CB4228DA872002D6037 /* AppDelegate.swift in Sources */ = {isa = PBXBuildFile; fileRef = 15025CB3228DA872002D6037 /* AppDelegate.swift */; };
		15025CB6228DA872002D6037 /* ScheduleViewController.swift in Sources */ = {isa = PBXBuildFile; fileRef = 15025CB5228DA872002D6037 /* ScheduleViewController.swift */; };
		15025CB9228DA872002D6037 /* Main.storyboard in Resources */ = {isa = PBXBuildFile; fileRef = 15025CB7228DA872002D6037 /* Main.storyboard */; };
		15025CBB228DA873002D6037 /* Assets.xcassets in Resources */ = {isa = PBXBuildFile; fileRef = 15025CBA228DA873002D6037 /* Assets.xcassets */; };
		15025CBE228DA873002D6037 /* LaunchScreen.storyboard in Resources */ = {isa = PBXBuildFile; fileRef = 15025CBC228DA873002D6037 /* LaunchScreen.storyboard */; };
		15025CC9228DA873002D6037 /* NanoChallangeTests.swift in Sources */ = {isa = PBXBuildFile; fileRef = 15025CC8228DA873002D6037 /* NanoChallangeTests.swift */; };
		15025CD4228DA873002D6037 /* NanoChallangeUITests.swift in Sources */ = {isa = PBXBuildFile; fileRef = 15025CD3228DA873002D6037 /* NanoChallangeUITests.swift */; };
		15025CE6228DAD67002D6037 /* Item.swift in Sources */ = {isa = PBXBuildFile; fileRef = 15025CE5228DAD67002D6037 /* Item.swift */; };
		15025CE8228DB9F8002D6037 /* ScheduleCellController.swift in Sources */ = {isa = PBXBuildFile; fileRef = 15025CE7228DB9F8002D6037 /* ScheduleCellController.swift */; };
		15025CEB228DC6AA002D6037 /* SF-Pro-Display-Light.otf in Resources */ = {isa = PBXBuildFile; fileRef = 15025CEA228DC6AA002D6037 /* SF-Pro-Display-Light.otf */; };
/* End PBXBuildFile section */

/* Begin PBXContainerItemProxy section */
		15025CC5228DA873002D6037 /* PBXContainerItemProxy */ = {
			isa = PBXContainerItemProxy;
			containerPortal = 15025CA8228DA872002D6037 /* Project object */;
			proxyType = 1;
			remoteGlobalIDString = 15025CAF228DA872002D6037;
			remoteInfo = NanoChallange;
		};
		15025CD0228DA873002D6037 /* PBXContainerItemProxy */ = {
			isa = PBXContainerItemProxy;
			containerPortal = 15025CA8228DA872002D6037 /* Project object */;
			proxyType = 1;
			remoteGlobalIDString = 15025CAF228DA872002D6037;
			remoteInfo = NanoChallange;
		};
/* End PBXContainerItemProxy section */

/* Begin PBXFileReference section */
		15025CB0228DA872002D6037 /* NanoChallange.app */ = {isa = PBXFileReference; explicitFileType = wrapper.application; includeInIndex = 0; path = NanoChallange.app; sourceTree = BUILT_PRODUCTS_DIR; };
		15025CB3228DA872002D6037 /* AppDelegate.swift */ = {isa = PBXFileReference; lastKnownFileType = sourcecode.swift; path = AppDelegate.swift; sourceTree = "<group>"; };
		15025CB5228DA872002D6037 /* ScheduleViewController.swift */ = {isa = PBXFileReference; lastKnownFileType = sourcecode.swift; path = ScheduleViewController.swift; sourceTree = "<group>"; };
		15025CB8228DA872002D6037 /* Base */ = {isa = PBXFileReference; lastKnownFileType = file.storyboard; name = Base; path = Base.lproj/Main.storyboard; sourceTree = "<group>"; };
		15025CBA228DA873002D6037 /* Assets.xcassets */ = {isa = PBXFileReference; lastKnownFileType = folder.assetcatalog; path = Assets.xcassets; sourceTree = "<group>"; };
		15025CBD228DA873002D6037 /* Base */ = {isa = PBXFileReference; lastKnownFileType = file.storyboard; name = Base; path = Base.lproj/LaunchScreen.storyboard; sourceTree = "<group>"; };
		15025CBF228DA873002D6037 /* Info.plist */ = {isa = PBXFileReference; lastKnownFileType = text.plist.xml; path = Info.plist; sourceTree = "<group>"; };
		15025CC4228DA873002D6037 /* NanoChallangeTests.xctest */ = {isa = PBXFileReference; explicitFileType = wrapper.cfbundle; includeInIndex = 0; path = NanoChallangeTests.xctest; sourceTree = BUILT_PRODUCTS_DIR; };
		15025CC8228DA873002D6037 /* NanoChallangeTests.swift */ = {isa = PBXFileReference; lastKnownFileType = sourcecode.swift; path = NanoChallangeTests.swift; sourceTree = "<group>"; };
		15025CCA228DA873002D6037 /* Info.plist */ = {isa = PBXFileReference; lastKnownFileType = text.plist.xml; path = Info.plist; sourceTree = "<group>"; };
		15025CCF228DA873002D6037 /* NanoChallangeUITests.xctest */ = {isa = PBXFileReference; explicitFileType = wrapper.cfbundle; includeInIndex = 0; path = NanoChallangeUITests.xctest; sourceTree = BUILT_PRODUCTS_DIR; };
		15025CD3228DA873002D6037 /* NanoChallangeUITests.swift */ = {isa = PBXFileReference; lastKnownFileType = sourcecode.swift; path = NanoChallangeUITests.swift; sourceTree = "<group>"; };
		15025CD5228DA873002D6037 /* Info.plist */ = {isa = PBXFileReference; lastKnownFileType = text.plist.xml; path = Info.plist; sourceTree = "<group>"; };
		15025CE5228DAD67002D6037 /* Item.swift */ = {isa = PBXFileReference; lastKnownFileType = sourcecode.swift; path = Item.swift; sourceTree = "<group>"; };
		15025CE7228DB9F8002D6037 /* ScheduleCellController.swift */ = {isa = PBXFileReference; lastKnownFileType = sourcecode.swift; path = ScheduleCellController.swift; sourceTree = "<group>"; };
		15025CEA228DC6AA002D6037 /* SF-Pro-Display-Light.otf */ = {isa = PBXFileReference; lastKnownFileType = file; name = "SF-Pro-Display-Light.otf"; path = "../../../../../../../Downloads/SF-Pro-Display-Light.otf"; sourceTree = "<group>"; };
/* End PBXFileReference section */

/* Begin PBXFrameworksBuildPhase section */
		15025CAD228DA872002D6037 /* Frameworks */ = {
			isa = PBXFrameworksBuildPhase;
			buildActionMask = 2147483647;
			files = (
			);
			runOnlyForDeploymentPostprocessing = 0;
		};
		15025CC1228DA873002D6037 /* Frameworks */ = {
			isa = PBXFrameworksBuildPhase;
			buildActionMask = 2147483647;
			files = (
			);
			runOnlyForDeploymentPostprocessing = 0;
		};
		15025CCC228DA873002D6037 /* Frameworks */ = {
			isa = PBXFrameworksBuildPhase;
			buildActionMask = 2147483647;
			files = (
			);
			runOnlyForDeploymentPostprocessing = 0;
		};
/* End PBXFrameworksBuildPhase section */

/* Begin PBXGroup section */
		15025CA7228DA872002D6037 = {
			isa = PBXGroup;
			children = (
				15025CB2228DA872002D6037 /* NanoChallange */,
				15025CC7228DA873002D6037 /* NanoChallangeTests */,
				15025CD2228DA873002D6037 /* NanoChallangeUITests */,
				15025CB1228DA872002D6037 /* Products */,
			);
			sourceTree = "<group>";
		};
		15025CB1228DA872002D6037 /* Products */ = {
			isa = PBXGroup;
			children = (
				15025CB0228DA872002D6037 /* NanoChallange.app */,
				15025CC4228DA873002D6037 /* NanoChallangeTests.xctest */,
				15025CCF228DA873002D6037 /* NanoChallangeUITests.xctest */,
			);
			name = Products;
			sourceTree = "<group>";
		};
		15025CB2228DA872002D6037 /* NanoChallange */ = {
			isa = PBXGroup;
			children = (
				15025CE9228DC3D2002D6037 /* Fonts */,
				15025CE4228DAC39002D6037 /* Model */,
				15025CE3228DAC2B002D6037 /* Controller */,
				15025CE2228DAC1E002D6037 /* View */,
				15025CE1228DAC15002D6037 /* Support */,
				15025CBA228DA873002D6037 /* Assets.xcassets */,
			);
			path = NanoChallange;
			sourceTree = "<group>";
		};
		15025CC7228DA873002D6037 /* NanoChallangeTests */ = {
			isa = PBXGroup;
			children = (
				15025CC8228DA873002D6037 /* NanoChallangeTests.swift */,
				15025CCA228DA873002D6037 /* Info.plist */,
			);
			path = NanoChallangeTests;
			sourceTree = "<group>";
		};
		15025CD2228DA873002D6037 /* NanoChallangeUITests */ = {
			isa = PBXGroup;
			children = (
				15025CD3228DA873002D6037 /* NanoChallangeUITests.swift */,
				15025CD5228DA873002D6037 /* Info.plist */,
			);
			path = NanoChallangeUITests;
			sourceTree = "<group>";
		};
		15025CE1228DAC15002D6037 /* Support */ = {
			isa = PBXGroup;
			children = (
				15025CB3228DA872002D6037 /* AppDelegate.swift */,
				15025CBF228DA873002D6037 /* Info.plist */,
			);
			path = Support;
			sourceTree = "<group>";
		};
		15025CE2228DAC1E002D6037 /* View */ = {
			isa = PBXGroup;
			children = (
				15025CB7228DA872002D6037 /* Main.storyboard */,
				15025CBC228DA873002D6037 /* LaunchScreen.storyboard */,
			);
			path = View;
			sourceTree = "<group>";
		};
		15025CE3228DAC2B002D6037 /* Controller */ = {
			isa = PBXGroup;
			children = (
				15025CB5228DA872002D6037 /* ScheduleViewController.swift */,
				15025CE7228DB9F8002D6037 /* ScheduleCellController.swift */,
			);
			path = Controller;
			sourceTree = "<group>";
		};
		15025CE4228DAC39002D6037 /* Model */ = {
			isa = PBXGroup;
			children = (
				15025CE5228DAD67002D6037 /* Item.swift */,
			);
			path = Model;
			sourceTree = "<group>";
		};
		15025CE9228DC3D2002D6037 /* Fonts */ = {
			isa = PBXGroup;
			children = (
				15025CEA228DC6AA002D6037 /* SF-Pro-Display-Light.otf */,
			);
			path = Fonts;
			sourceTree = "<group>";
		};
/* End PBXGroup section */

/* Begin PBXNativeTarget section */
		15025CAF228DA872002D6037 /* NanoChallange */ = {
			isa = PBXNativeTarget;
			buildConfigurationList = 15025CD8228DA873002D6037 /* Build configuration list for PBXNativeTarget "NanoChallange" */;
			buildPhases = (
				15025CAC228DA872002D6037 /* Sources */,
				15025CAD228DA872002D6037 /* Frameworks */,
				15025CAE228DA872002D6037 /* Resources */,
			);
			buildRules = (
			);
			dependencies = (
			);
			name = NanoChallange;
			productName = NanoChallange;
			productReference = 15025CB0228DA872002D6037 /* NanoChallange.app */;
			productType = "com.apple.product-type.application";
		};
		15025CC3228DA873002D6037 /* NanoChallangeTests */ = {
			isa = PBXNativeTarget;
			buildConfigurationList = 15025CDB228DA873002D6037 /* Build configuration list for PBXNativeTarget "NanoChallangeTests" */;
			buildPhases = (
				15025CC0228DA873002D6037 /* Sources */,
				15025CC1228DA873002D6037 /* Frameworks */,
				15025CC2228DA873002D6037 /* Resources */,
			);
			buildRules = (
			);
			dependencies = (
				15025CC6228DA873002D6037 /* PBXTargetDependency */,
			);
			name = NanoChallangeTests;
			productName = NanoChallangeTests;
			productReference = 15025CC4228DA873002D6037 /* NanoChallangeTests.xctest */;
			productType = "com.apple.product-type.bundle.unit-test";
		};
		15025CCE228DA873002D6037 /* NanoChallangeUITests */ = {
			isa = PBXNativeTarget;
			buildConfigurationList = 15025CDE228DA873002D6037 /* Build configuration list for PBXNativeTarget "NanoChallangeUITests" */;
			buildPhases = (
				15025CCB228DA873002D6037 /* Sources */,
				15025CCC228DA873002D6037 /* Frameworks */,
				15025CCD228DA873002D6037 /* Resources */,
			);
			buildRules = (
			);
			dependencies = (
				15025CD1228DA873002D6037 /* PBXTargetDependency */,
			);
			name = NanoChallangeUITests;
			productName = NanoChallangeUITests;
			productReference = 15025CCF228DA873002D6037 /* NanoChallangeUITests.xctest */;
			productType = "com.apple.product-type.bundle.ui-testing";
		};
/* End PBXNativeTarget section */

/* Begin PBXProject section */
		15025CA8228DA872002D6037 /* Project object */ = {
			isa = PBXProject;
			attributes = {
				LastSwiftUpdateCheck = 1020;
				LastUpgradeCheck = 1020;
				ORGANIZATIONNAME = "Bruno Adam Alves";
				TargetAttributes = {
					15025CAF228DA872002D6037 = {
						CreatedOnToolsVersion = 10.2.1;
					};
					15025CC3228DA873002D6037 = {
						CreatedOnToolsVersion = 10.2.1;
						TestTargetID = 15025CAF228DA872002D6037;
					};
					15025CCE228DA873002D6037 = {
						CreatedOnToolsVersion = 10.2.1;
						TestTargetID = 15025CAF228DA872002D6037;
					};
				};
			};
			buildConfigurationList = 15025CAB228DA872002D6037 /* Build configuration list for PBXProject "NanoChallange" */;
			compatibilityVersion = "Xcode 9.3";
			developmentRegion = en;
			hasScannedForEncodings = 0;
			knownRegions = (
				en,
				Base,
			);
			mainGroup = 15025CA7228DA872002D6037;
			productRefGroup = 15025CB1228DA872002D6037 /* Products */;
			projectDirPath = "";
			projectRoot = "";
			targets = (
				15025CAF228DA872002D6037 /* NanoChallange */,
				15025CC3228DA873002D6037 /* NanoChallangeTests */,
				15025CCE228DA873002D6037 /* NanoChallangeUITests */,
			);
		};
/* End PBXProject section */

/* Begin PBXResourcesBuildPhase section */
		15025CAE228DA872002D6037 /* Resources */ = {
			isa = PBXResourcesBuildPhase;
			buildActionMask = 2147483647;
			files = (
				15025CBE228DA873002D6037 /* LaunchScreen.storyboard in Resources */,
				15025CBB228DA873002D6037 /* Assets.xcassets in Resources */,
				15025CEB228DC6AA002D6037 /* SF-Pro-Display-Light.otf in Resources */,
				15025CB9228DA872002D6037 /* Main.storyboard in Resources */,
			);
			runOnlyForDeploymentPostprocessing = 0;
		};
		15025CC2228DA873002D6037 /* Resources */ = {
			isa = PBXResourcesBuildPhase;
			buildActionMask = 2147483647;
			files = (
			);
			runOnlyForDeploymentPostprocessing = 0;
		};
		15025CCD228DA873002D6037 /* Resources */ = {
			isa = PBXResourcesBuildPhase;
			buildActionMask = 2147483647;
			files = (
			);
			runOnlyForDeploymentPostprocessing = 0;
		};
/* End PBXResourcesBuildPhase section */

/* Begin PBXSourcesBuildPhase section */
		15025CAC228DA872002D6037 /* Sources */ = {
			isa = PBXSourcesBuildPhase;
			buildActionMask = 2147483647;
			files = (
				15025CE8228DB9F8002D6037 /* ScheduleCellController.swift in Sources */,
				15025CB6228DA872002D6037 /* ScheduleViewController.swift in Sources */,
				15025CE6228DAD67002D6037 /* Item.swift in Sources */,
				15025CB4228DA872002D6037 /* AppDelegate.swift in Sources */,
			);
			runOnlyForDeploymentPostprocessing = 0;
		};
		15025CC0228DA873002D6037 /* Sources */ = {
			isa = PBXSourcesBuildPhase;
			buildActionMask = 2147483647;
			files = (
				15025CC9228DA873002D6037 /* NanoChallangeTests.swift in Sources */,
			);
			runOnlyForDeploymentPostprocessing = 0;
		};
		15025CCB228DA873002D6037 /* Sources */ = {
			isa = PBXSourcesBuildPhase;
			buildActionMask = 2147483647;
			files = (
				15025CD4228DA873002D6037 /* NanoChallangeUITests.swift in Sources */,
			);
			runOnlyForDeploymentPostprocessing = 0;
		};
/* End PBXSourcesBuildPhase section */

/* Begin PBXTargetDependency section */
		15025CC6228DA873002D6037 /* PBXTargetDependency */ = {
			isa = PBXTargetDependency;
			target = 15025CAF228DA872002D6037 /* NanoChallange */;
			targetProxy = 15025CC5228DA873002D6037 /* PBXContainerItemProxy */;
		};
		15025CD1228DA873002D6037 /* PBXTargetDependency */ = {
			isa = PBXTargetDependency;
			target = 15025CAF228DA872002D6037 /* NanoChallange */;
			targetProxy = 15025CD0228DA873002D6037 /* PBXContainerItemProxy */;
		};
/* End PBXTargetDependency section */

/* Begin PBXVariantGroup section */
		15025CB7228DA872002D6037 /* Main.storyboard */ = {
			isa = PBXVariantGroup;
			children = (
				15025CB8228DA872002D6037 /* Base */,
			);
			name = Main.storyboard;
			sourceTree = "<group>";
		};
		15025CBC228DA873002D6037 /* LaunchScreen.storyboard */ = {
			isa = PBXVariantGroup;
			children = (
				15025CBD228DA873002D6037 /* Base */,
			);
			name = LaunchScreen.storyboard;
			sourceTree = "<group>";
		};
/* End PBXVariantGroup section */

/* Begin XCBuildConfiguration section */
		15025CD6228DA873002D6037 /* Debug */ = {
			isa = XCBuildConfiguration;
			buildSettings = {
				ALWAYS_SEARCH_USER_PATHS = NO;
				CLANG_ANALYZER_NONNULL = YES;
				CLANG_ANALYZER_NUMBER_OBJECT_CONVERSION = YES_AGGRESSIVE;
				CLANG_CXX_LANGUAGE_STANDARD = "gnu++14";
				CLANG_CXX_LIBRARY = "libc++";
				CLANG_ENABLE_MODULES = YES;
				CLANG_ENABLE_OBJC_ARC = YES;
				CLANG_ENABLE_OBJC_WEAK = YES;
				CLANG_WARN_BLOCK_CAPTURE_AUTORELEASING = YES;
				CLANG_WARN_BOOL_CONVERSION = YES;
				CLANG_WARN_COMMA = YES;
				CLANG_WARN_CONSTANT_CONVERSION = YES;
				CLANG_WARN_DEPRECATED_OBJC_IMPLEMENTATIONS = YES;
				CLANG_WARN_DIRECT_OBJC_ISA_USAGE = YES_ERROR;
				CLANG_WARN_DOCUMENTATION_COMMENTS = YES;
				CLANG_WARN_EMPTY_BODY = YES;
				CLANG_WARN_ENUM_CONVERSION = YES;
				CLANG_WARN_INFINITE_RECURSION = YES;
				CLANG_WARN_INT_CONVERSION = YES;
				CLANG_WARN_NON_LITERAL_NULL_CONVERSION = YES;
				CLANG_WARN_OBJC_IMPLICIT_RETAIN_SELF = YES;
				CLANG_WARN_OBJC_LITERAL_CONVERSION = YES;
				CLANG_WARN_OBJC_ROOT_CLASS = YES_ERROR;
				CLANG_WARN_RANGE_LOOP_ANALYSIS = YES;
				CLANG_WARN_STRICT_PROTOTYPES = YES;
				CLANG_WARN_SUSPICIOUS_MOVE = YES;
				CLANG_WARN_UNGUARDED_AVAILABILITY = YES_AGGRESSIVE;
				CLANG_WARN_UNREACHABLE_CODE = YES;
				CLANG_WARN__DUPLICATE_METHOD_MATCH = YES;
				CODE_SIGN_IDENTITY = "iPhone Developer";
				COPY_PHASE_STRIP = NO;
				DEBUG_INFORMATION_FORMAT = dwarf;
				ENABLE_STRICT_OBJC_MSGSEND = YES;
				ENABLE_TESTABILITY = YES;
				GCC_C_LANGUAGE_STANDARD = gnu11;
				GCC_DYNAMIC_NO_PIC = NO;
				GCC_NO_COMMON_BLOCKS = YES;
				GCC_OPTIMIZATION_LEVEL = 0;
				GCC_PREPROCESSOR_DEFINITIONS = (
					"DEBUG=1",
					"$(inherited)",
				);
				GCC_WARN_64_TO_32_BIT_CONVERSION = YES;
				GCC_WARN_ABOUT_RETURN_TYPE = YES_ERROR;
				GCC_WARN_UNDECLARED_SELECTOR = YES;
				GCC_WARN_UNINITIALIZED_AUTOS = YES_AGGRESSIVE;
				GCC_WARN_UNUSED_FUNCTION = YES;
				GCC_WARN_UNUSED_VARIABLE = YES;
				IPHONEOS_DEPLOYMENT_TARGET = 12.2;
				MTL_ENABLE_DEBUG_INFO = INCLUDE_SOURCE;
				MTL_FAST_MATH = YES;
				ONLY_ACTIVE_ARCH = YES;
				SDKROOT = iphoneos;
				SWIFT_ACTIVE_COMPILATION_CONDITIONS = DEBUG;
				SWIFT_OPTIMIZATION_LEVEL = "-Onone";
			};
			name = Debug;
		};
		15025CD7228DA873002D6037 /* Release */ = {
			isa = XCBuildConfiguration;
			buildSettings = {
				ALWAYS_SEARCH_USER_PATHS = NO;
				CLANG_ANALYZER_NONNULL = YES;
				CLANG_ANALYZER_NUMBER_OBJECT_CONVERSION = YES_AGGRESSIVE;
				CLANG_CXX_LANGUAGE_STANDARD = "gnu++14";
				CLANG_CXX_LIBRARY = "libc++";
				CLANG_ENABLE_MODULES = YES;
				CLANG_ENABLE_OBJC_ARC = YES;
				CLANG_ENABLE_OBJC_WEAK = YES;
				CLANG_WARN_BLOCK_CAPTURE_AUTORELEASING = YES;
				CLANG_WARN_BOOL_CONVERSION = YES;
				CLANG_WARN_COMMA = YES;
				CLANG_WARN_CONSTANT_CONVERSION = YES;
				CLANG_WARN_DEPRECATED_OBJC_IMPLEMENTATIONS = YES;
				CLANG_WARN_DIRECT_OBJC_ISA_USAGE = YES_ERROR;
				CLANG_WARN_DOCUMENTATION_COMMENTS = YES;
				CLANG_WARN_EMPTY_BODY = YES;
				CLANG_WARN_ENUM_CONVERSION = YES;
				CLANG_WARN_INFINITE_RECURSION = YES;
				CLANG_WARN_INT_CONVERSION = YES;
				CLANG_WARN_NON_LITERAL_NULL_CONVERSION = YES;
				CLANG_WARN_OBJC_IMPLICIT_RETAIN_SELF = YES;
				CLANG_WARN_OBJC_LITERAL_CONVERSION = YES;
				CLANG_WARN_OBJC_ROOT_CLASS = YES_ERROR;
				CLANG_WARN_RANGE_LOOP_ANALYSIS = YES;
				CLANG_WARN_STRICT_PROTOTYPES = YES;
				CLANG_WARN_SUSPICIOUS_MOVE = YES;
				CLANG_WARN_UNGUARDED_AVAILABILITY = YES_AGGRESSIVE;
				CLANG_WARN_UNREACHABLE_CODE = YES;
				CLANG_WARN__DUPLICATE_METHOD_MATCH = YES;
				CODE_SIGN_IDENTITY = "iPhone Developer";
				COPY_PHASE_STRIP = NO;
				DEBUG_INFORMATION_FORMAT = "dwarf-with-dsym";
				ENABLE_NS_ASSERTIONS = NO;
				ENABLE_STRICT_OBJC_MSGSEND = YES;
				GCC_C_LANGUAGE_STANDARD = gnu11;
				GCC_NO_COMMON_BLOCKS = YES;
				GCC_WARN_64_TO_32_BIT_CONVERSION = YES;
				GCC_WARN_ABOUT_RETURN_TYPE = YES_ERROR;
				GCC_WARN_UNDECLARED_SELECTOR = YES;
				GCC_WARN_UNINITIALIZED_AUTOS = YES_AGGRESSIVE;
				GCC_WARN_UNUSED_FUNCTION = YES;
				GCC_WARN_UNUSED_VARIABLE = YES;
				IPHONEOS_DEPLOYMENT_TARGET = 12.2;
				MTL_ENABLE_DEBUG_INFO = NO;
				MTL_FAST_MATH = YES;
				SDKROOT = iphoneos;
				SWIFT_COMPILATION_MODE = wholemodule;
				SWIFT_OPTIMIZATION_LEVEL = "-O";
				VALIDATE_PRODUCT = YES;
			};
			name = Release;
		};
		15025CD9228DA873002D6037 /* Debug */ = {
			isa = XCBuildConfiguration;
			buildSettings = {
				ASSETCATALOG_COMPILER_APPICON_NAME = AppIcon;
				CODE_SIGN_STYLE = Automatic;
				INFOPLIST_FILE = "$(SRCROOT)/NanoChallangeUITests/Info.plist";
				LD_RUNPATH_SEARCH_PATHS = (
					"$(inherited)",
					"@executable_path/Frameworks",
				);
				PRODUCT_BUNDLE_IDENTIFIER = con.bruno.NanoChallange;
				PRODUCT_NAME = "$(TARGET_NAME)";
				SWIFT_VERSION = 5.0;
				TARGETED_DEVICE_FAMILY = "1,2";
			};
			name = Debug;
		};
		15025CDA228DA873002D6037 /* Release */ = {
			isa = XCBuildConfiguration;
			buildSettings = {
				ASSETCATALOG_COMPILER_APPICON_NAME = AppIcon;
				CODE_SIGN_STYLE = Automatic;
				INFOPLIST_FILE = "$(SRCROOT)/NanoChallangeUITests/Info.plist";
				LD_RUNPATH_SEARCH_PATHS = (
					"$(inherited)",
					"@executable_path/Frameworks",
				);
				PRODUCT_BUNDLE_IDENTIFIER = con.bruno.NanoChallange;
				PRODUCT_NAME = "$(TARGET_NAME)";
				SWIFT_VERSION = 5.0;
				TARGETED_DEVICE_FAMILY = "1,2";
			};
			name = Release;
		};
		15025CDC228DA873002D6037 /* Debug */ = {
			isa = XCBuildConfiguration;
			buildSettings = {
				ALWAYS_EMBED_SWIFT_STANDARD_LIBRARIES = YES;
				BUNDLE_LOADER = "$(TEST_HOST)";
				CODE_SIGN_STYLE = Automatic;
				INFOPLIST_FILE = NanoChallangeTests/Info.plist;
				LD_RUNPATH_SEARCH_PATHS = (
					"$(inherited)",
					"@executable_path/Frameworks",
					"@loader_path/Frameworks",
				);
				PRODUCT_BUNDLE_IDENTIFIER = con.bruno.NanoChallangeTests;
				PRODUCT_NAME = "$(TARGET_NAME)";
				SWIFT_VERSION = 5.0;
				TARGETED_DEVICE_FAMILY = "1,2";
				TEST_HOST = "$(BUILT_PRODUCTS_DIR)/NanoChallange.app/NanoChallange";
			};
			name = Debug;
		};
		15025CDD228DA873002D6037 /* Release */ = {
			isa = XCBuildConfiguration;
			buildSettings = {
				ALWAYS_EMBED_SWIFT_STANDARD_LIBRARIES = YES;
				BUNDLE_LOADER = "$(TEST_HOST)";
				CODE_SIGN_STYLE = Automatic;
				INFOPLIST_FILE = NanoChallangeTests/Info.plist;
				LD_RUNPATH_SEARCH_PATHS = (
					"$(inherited)",
					"@executable_path/Frameworks",
					"@loader_path/Frameworks",
				);
				PRODUCT_BUNDLE_IDENTIFIER = con.bruno.NanoChallangeTests;
				PRODUCT_NAME = "$(TARGET_NAME)";
				SWIFT_VERSION = 5.0;
				TARGETED_DEVICE_FAMILY = "1,2";
				TEST_HOST = "$(BUILT_PRODUCTS_DIR)/NanoChallange.app/NanoChallange";
			};
			name = Release;
		};
		15025CDF228DA873002D6037 /* Debug */ = {
			isa = XCBuildConfiguration;
			buildSettings = {
				ALWAYS_EMBED_SWIFT_STANDARD_LIBRARIES = YES;
				CODE_SIGN_STYLE = Automatic;
				INFOPLIST_FILE = NanoChallangeUITests/Info.plist;
				LD_RUNPATH_SEARCH_PATHS = (
					"$(inherited)",
					"@executable_path/Frameworks",
					"@loader_path/Frameworks",
				);
				PRODUCT_BUNDLE_IDENTIFIER = con.bruno.NanoChallangeUITests;
				PRODUCT_NAME = "$(TARGET_NAME)";
				SWIFT_VERSION = 5.0;
				TARGETED_DEVICE_FAMILY = "1,2";
				TEST_TARGET_NAME = NanoChallange;
			};
			name = Debug;
		};
		15025CE0228DA873002D6037 /* Release */ = {
			isa = XCBuildConfiguration;
			buildSettings = {
				ALWAYS_EMBED_SWIFT_STANDARD_LIBRARIES = YES;
				CODE_SIGN_STYLE = Automatic;
				INFOPLIST_FILE = NanoChallangeUITests/Info.plist;
				LD_RUNPATH_SEARCH_PATHS = (
					"$(inherited)",
					"@executable_path/Frameworks",
					"@loader_path/Frameworks",
				);
				PRODUCT_BUNDLE_IDENTIFIER = con.bruno.NanoChallangeUITests;
				PRODUCT_NAME = "$(TARGET_NAME)";
				SWIFT_VERSION = 5.0;
				TARGETED_DEVICE_FAMILY = "1,2";
				TEST_TARGET_NAME = NanoChallange;
			};
			name = Release;
		};
/* End XCBuildConfiguration section */

/* Begin XCConfigurationList section */
		15025CAB228DA872002D6037 /* Build configuration list for PBXProject "NanoChallange" */ = {
			isa = XCConfigurationList;
			buildConfigurations = (
				15025CD6228DA873002D6037 /* Debug */,
				15025CD7228DA873002D6037 /* Release */,
			);
			defaultConfigurationIsVisible = 0;
			defaultConfigurationName = Release;
		};
		15025CD8228DA873002D6037 /* Build configuration list for PBXNativeTarget "NanoChallange" */ = {
			isa = XCConfigurationList;
			buildConfigurations = (
				15025CD9228DA873002D6037 /* Debug */,
				15025CDA228DA873002D6037 /* Release */,
			);
			defaultConfigurationIsVisible = 0;
			defaultConfigurationName = Release;
		};
		15025CDB228DA873002D6037 /* Build configuration list for PBXNativeTarget "NanoChallangeTests" */ = {
			isa = XCConfigurationList;
			buildConfigurations = (
				15025CDC228DA873002D6037 /* Debug */,
				15025CDD228DA873002D6037 /* Release */,
			);
			defaultConfigurationIsVisible = 0;
			defaultConfigurationName = Release;
		};
		15025CDE228DA873002D6037 /* Build configuration list for PBXNativeTarget "NanoChallangeUITests" */ = {
			isa = XCConfigurationList;
			buildConfigurations = (
				15025CDF228DA873002D6037 /* Debug */,
				15025CE0228DA873002D6037 /* Release */,
			);
			defaultConfigurationIsVisible = 0;
			defaultConfigurationName = Release;
		};
/* End XCConfigurationList section */
	};
	rootObject = 15025CA8228DA872002D6037 /* Project object */;
}
