// !$*UTF8*$!
{
	archiveVersion = 1;
	classes = {
	};
	objectVersion = 50;
	objects = {

/* Begin PBXBuildFile section */
		152D5E2622859F21000CB141 /* AppDelegate.swift in Sources */ = {isa = PBXBuildFile; fileRef = 152D5E2522859F21000CB141 /* AppDelegate.swift */; };
		152D5E2822859F21000CB141 /* ViewController.swift in Sources */ = {isa = PBXBuildFile; fileRef = 152D5E2722859F21000CB141 /* ViewController.swift */; };
		152D5E2B22859F21000CB141 /* Main.storyboard in Resources */ = {isa = PBXBuildFile; fileRef = 152D5E2922859F21000CB141 /* Main.storyboard */; };
		152D5E2D22859F22000CB141 /* Assets.xcassets in Resources */ = {isa = PBXBuildFile; fileRef = 152D5E2C22859F22000CB141 /* Assets.xcassets */; };
		152D5E3022859F22000CB141 /* LaunchScreen.storyboard in Resources */ = {isa = PBXBuildFile; fileRef = 152D5E2E22859F22000CB141 /* LaunchScreen.storyboard */; };
		152D5E3B22859F22000CB141 /* Aula_5Tests.swift in Sources */ = {isa = PBXBuildFile; fileRef = 152D5E3A22859F22000CB141 /* Aula_5Tests.swift */; };
		152D5E4622859F22000CB141 /* Aula_5UITests.swift in Sources */ = {isa = PBXBuildFile; fileRef = 152D5E4522859F22000CB141 /* Aula_5UITests.swift */; };
		152D5E582285A1A3000CB141 /* Mail.swift in Sources */ = {isa = PBXBuildFile; fileRef = 152D5E572285A1A3000CB141 /* Mail.swift */; };
/* End PBXBuildFile section */

/* Begin PBXContainerItemProxy section */
		152D5E3722859F22000CB141 /* PBXContainerItemProxy */ = {
			isa = PBXContainerItemProxy;
			containerPortal = 152D5E1A22859F21000CB141 /* Project object */;
			proxyType = 1;
			remoteGlobalIDString = 152D5E2122859F21000CB141;
			remoteInfo = "Aula 5";
		};
		152D5E4222859F22000CB141 /* PBXContainerItemProxy */ = {
			isa = PBXContainerItemProxy;
			containerPortal = 152D5E1A22859F21000CB141 /* Project object */;
			proxyType = 1;
			remoteGlobalIDString = 152D5E2122859F21000CB141;
			remoteInfo = "Aula 5";
		};
/* End PBXContainerItemProxy section */

/* Begin PBXFileReference section */
		152D5E2222859F21000CB141 /* Aula 5.app */ = {isa = PBXFileReference; explicitFileType = wrapper.application; includeInIndex = 0; path = "Aula 5.app"; sourceTree = BUILT_PRODUCTS_DIR; };
		152D5E2522859F21000CB141 /* AppDelegate.swift */ = {isa = PBXFileReference; lastKnownFileType = sourcecode.swift; path = AppDelegate.swift; sourceTree = "<group>"; };
		152D5E2722859F21000CB141 /* ViewController.swift */ = {isa = PBXFileReference; lastKnownFileType = sourcecode.swift; path = ViewController.swift; sourceTree = "<group>"; };
		152D5E2A22859F21000CB141 /* Base */ = {isa = PBXFileReference; lastKnownFileType = file.storyboard; name = Base; path = Base.lproj/Main.storyboard; sourceTree = "<group>"; };
		152D5E2C22859F22000CB141 /* Assets.xcassets */ = {isa = PBXFileReference; lastKnownFileType = folder.assetcatalog; path = Assets.xcassets; sourceTree = "<group>"; };
		152D5E2F22859F22000CB141 /* Base */ = {isa = PBXFileReference; lastKnownFileType = file.storyboard; name = Base; path = Base.lproj/LaunchScreen.storyboard; sourceTree = "<group>"; };
		152D5E3122859F22000CB141 /* Info.plist */ = {isa = PBXFileReference; lastKnownFileType = text.plist.xml; path = Info.plist; sourceTree = "<group>"; };
		152D5E3622859F22000CB141 /* Aula 5Tests.xctest */ = {isa = PBXFileReference; explicitFileType = wrapper.cfbundle; includeInIndex = 0; path = "Aula 5Tests.xctest"; sourceTree = BUILT_PRODUCTS_DIR; };
		152D5E3A22859F22000CB141 /* Aula_5Tests.swift */ = {isa = PBXFileReference; lastKnownFileType = sourcecode.swift; path = Aula_5Tests.swift; sourceTree = "<group>"; };
		152D5E3C22859F22000CB141 /* Info.plist */ = {isa = PBXFileReference; lastKnownFileType = text.plist.xml; path = Info.plist; sourceTree = "<group>"; };
		152D5E4122859F22000CB141 /* Aula 5UITests.xctest */ = {isa = PBXFileReference; explicitFileType = wrapper.cfbundle; includeInIndex = 0; path = "Aula 5UITests.xctest"; sourceTree = BUILT_PRODUCTS_DIR; };
		152D5E4522859F22000CB141 /* Aula_5UITests.swift */ = {isa = PBXFileReference; lastKnownFileType = sourcecode.swift; path = Aula_5UITests.swift; sourceTree = "<group>"; };
		152D5E4722859F22000CB141 /* Info.plist */ = {isa = PBXFileReference; lastKnownFileType = text.plist.xml; path = Info.plist; sourceTree = "<group>"; };
		152D5E572285A1A3000CB141 /* Mail.swift */ = {isa = PBXFileReference; lastKnownFileType = sourcecode.swift; path = Mail.swift; sourceTree = "<group>"; };
/* End PBXFileReference section */

/* Begin PBXFrameworksBuildPhase section */
		152D5E1F22859F21000CB141 /* Frameworks */ = {
			isa = PBXFrameworksBuildPhase;
			buildActionMask = 2147483647;
			files = (
			);
			runOnlyForDeploymentPostprocessing = 0;
		};
		152D5E3322859F22000CB141 /* Frameworks */ = {
			isa = PBXFrameworksBuildPhase;
			buildActionMask = 2147483647;
			files = (
			);
			runOnlyForDeploymentPostprocessing = 0;
		};
		152D5E3E22859F22000CB141 /* Frameworks */ = {
			isa = PBXFrameworksBuildPhase;
			buildActionMask = 2147483647;
			files = (
			);
			runOnlyForDeploymentPostprocessing = 0;
		};
/* End PBXFrameworksBuildPhase section */

/* Begin PBXGroup section */
		152D5E1922859F21000CB141 = {
			isa = PBXGroup;
			children = (
				152D5E2422859F21000CB141 /* Aula 5 */,
				152D5E3922859F22000CB141 /* Aula 5Tests */,
				152D5E4422859F22000CB141 /* Aula 5UITests */,
				152D5E2322859F21000CB141 /* Products */,
			);
			sourceTree = "<group>";
		};
		152D5E2322859F21000CB141 /* Products */ = {
			isa = PBXGroup;
			children = (
				152D5E2222859F21000CB141 /* Aula 5.app */,
				152D5E3622859F22000CB141 /* Aula 5Tests.xctest */,
				152D5E4122859F22000CB141 /* Aula 5UITests.xctest */,
			);
			name = Products;
			sourceTree = "<group>";
		};
		152D5E2422859F21000CB141 /* Aula 5 */ = {
			isa = PBXGroup;
			children = (
				152D5E562285A0B3000CB141 /* Support */,
				152D5E552285A0A9000CB141 /* View */,
				152D5E542285A0A1000CB141 /* Controller */,
				152D5E532285A096000CB141 /* Model */,
				152D5E2C22859F22000CB141 /* Assets.xcassets */,
			);
			path = "Aula 5";
			sourceTree = "<group>";
		};
		152D5E3922859F22000CB141 /* Aula 5Tests */ = {
			isa = PBXGroup;
			children = (
				152D5E3A22859F22000CB141 /* Aula_5Tests.swift */,
				152D5E3C22859F22000CB141 /* Info.plist */,
			);
			path = "Aula 5Tests";
			sourceTree = "<group>";
		};
		152D5E4422859F22000CB141 /* Aula 5UITests */ = {
			isa = PBXGroup;
			children = (
				152D5E4522859F22000CB141 /* Aula_5UITests.swift */,
				152D5E4722859F22000CB141 /* Info.plist */,
			);
			path = "Aula 5UITests";
			sourceTree = "<group>";
		};
		152D5E532285A096000CB141 /* Model */ = {
			isa = PBXGroup;
			children = (
				152D5E572285A1A3000CB141 /* Mail.swift */,
			);
			path = Model;
			sourceTree = "<group>";
		};
		152D5E542285A0A1000CB141 /* Controller */ = {
			isa = PBXGroup;
			children = (
				152D5E2722859F21000CB141 /* ViewController.swift */,
			);
			path = Controller;
			sourceTree = "<group>";
		};
		152D5E552285A0A9000CB141 /* View */ = {
			isa = PBXGroup;
			children = (
				152D5E2E22859F22000CB141 /* LaunchScreen.storyboard */,
				152D5E2922859F21000CB141 /* Main.storyboard */,
			);
			path = View;
			sourceTree = "<group>";
		};
		152D5E562285A0B3000CB141 /* Support */ = {
			isa = PBXGroup;
			children = (
				152D5E3122859F22000CB141 /* Info.plist */,
				152D5E2522859F21000CB141 /* AppDelegate.swift */,
			);
			path = Support;
			sourceTree = "<group>";
		};
/* End PBXGroup section */

/* Begin PBXNativeTarget section */
		152D5E2122859F21000CB141 /* Aula 5 */ = {
			isa = PBXNativeTarget;
			buildConfigurationList = 152D5E4A22859F22000CB141 /* Build configuration list for PBXNativeTarget "Aula 5" */;
			buildPhases = (
				152D5E1E22859F21000CB141 /* Sources */,
				152D5E1F22859F21000CB141 /* Frameworks */,
				152D5E2022859F21000CB141 /* Resources */,
			);
			buildRules = (
			);
			dependencies = (
			);
			name = "Aula 5";
			productName = "Aula 5";
			productReference = 152D5E2222859F21000CB141 /* Aula 5.app */;
			productType = "com.apple.product-type.application";
		};
		152D5E3522859F22000CB141 /* Aula 5Tests */ = {
			isa = PBXNativeTarget;
			buildConfigurationList = 152D5E4D22859F22000CB141 /* Build configuration list for PBXNativeTarget "Aula 5Tests" */;
			buildPhases = (
				152D5E3222859F22000CB141 /* Sources */,
				152D5E3322859F22000CB141 /* Frameworks */,
				152D5E3422859F22000CB141 /* Resources */,
			);
			buildRules = (
			);
			dependencies = (
				152D5E3822859F22000CB141 /* PBXTargetDependency */,
			);
			name = "Aula 5Tests";
			productName = "Aula 5Tests";
			productReference = 152D5E3622859F22000CB141 /* Aula 5Tests.xctest */;
			productType = "com.apple.product-type.bundle.unit-test";
		};
		152D5E4022859F22000CB141 /* Aula 5UITests */ = {
			isa = PBXNativeTarget;
			buildConfigurationList = 152D5E5022859F22000CB141 /* Build configuration list for PBXNativeTarget "Aula 5UITests" */;
			buildPhases = (
				152D5E3D22859F22000CB141 /* Sources */,
				152D5E3E22859F22000CB141 /* Frameworks */,
				152D5E3F22859F22000CB141 /* Resources */,
			);
			buildRules = (
			);
			dependencies = (
				152D5E4322859F22000CB141 /* PBXTargetDependency */,
			);
			name = "Aula 5UITests";
			productName = "Aula 5UITests";
			productReference = 152D5E4122859F22000CB141 /* Aula 5UITests.xctest */;
			productType = "com.apple.product-type.bundle.ui-testing";
		};
/* End PBXNativeTarget section */

/* Begin PBXProject section */
		152D5E1A22859F21000CB141 /* Project object */ = {
			isa = PBXProject;
			attributes = {
				LastSwiftUpdateCheck = 1020;
				LastUpgradeCheck = 1020;
				ORGANIZATIONNAME = "Bruno Adam Alves";
				TargetAttributes = {
					152D5E2122859F21000CB141 = {
						CreatedOnToolsVersion = 10.2.1;
					};
					152D5E3522859F22000CB141 = {
						CreatedOnToolsVersion = 10.2.1;
						TestTargetID = 152D5E2122859F21000CB141;
					};
					152D5E4022859F22000CB141 = {
						CreatedOnToolsVersion = 10.2.1;
						TestTargetID = 152D5E2122859F21000CB141;
					};
				};
			};
			buildConfigurationList = 152D5E1D22859F21000CB141 /* Build configuration list for PBXProject "Aula 5" */;
			compatibilityVersion = "Xcode 9.3";
			developmentRegion = en;
			hasScannedForEncodings = 0;
			knownRegions = (
				en,
				Base,
			);
			mainGroup = 152D5E1922859F21000CB141;
			productRefGroup = 152D5E2322859F21000CB141 /* Products */;
			projectDirPath = "";
			projectRoot = "";
			targets = (
				152D5E2122859F21000CB141 /* Aula 5 */,
				152D5E3522859F22000CB141 /* Aula 5Tests */,
				152D5E4022859F22000CB141 /* Aula 5UITests */,
			);
		};
/* End PBXProject section */

/* Begin PBXResourcesBuildPhase section */
		152D5E2022859F21000CB141 /* Resources */ = {
			isa = PBXResourcesBuildPhase;
			buildActionMask = 2147483647;
			files = (
				152D5E3022859F22000CB141 /* LaunchScreen.storyboard in Resources */,
				152D5E2D22859F22000CB141 /* Assets.xcassets in Resources */,
				152D5E2B22859F21000CB141 /* Main.storyboard in Resources */,
			);
			runOnlyForDeploymentPostprocessing = 0;
		};
		152D5E3422859F22000CB141 /* Resources */ = {
			isa = PBXResourcesBuildPhase;
			buildActionMask = 2147483647;
			files = (
			);
			runOnlyForDeploymentPostprocessing = 0;
		};
		152D5E3F22859F22000CB141 /* Resources */ = {
			isa = PBXResourcesBuildPhase;
			buildActionMask = 2147483647;
			files = (
			);
			runOnlyForDeploymentPostprocessing = 0;
		};
/* End PBXResourcesBuildPhase section */

/* Begin PBXSourcesBuildPhase section */
		152D5E1E22859F21000CB141 /* Sources */ = {
			isa = PBXSourcesBuildPhase;
			buildActionMask = 2147483647;
			files = (
				152D5E582285A1A3000CB141 /* Mail.swift in Sources */,
				152D5E2822859F21000CB141 /* ViewController.swift in Sources */,
				152D5E2622859F21000CB141 /* AppDelegate.swift in Sources */,
			);
			runOnlyForDeploymentPostprocessing = 0;
		};
		152D5E3222859F22000CB141 /* Sources */ = {
			isa = PBXSourcesBuildPhase;
			buildActionMask = 2147483647;
			files = (
				152D5E3B22859F22000CB141 /* Aula_5Tests.swift in Sources */,
			);
			runOnlyForDeploymentPostprocessing = 0;
		};
		152D5E3D22859F22000CB141 /* Sources */ = {
			isa = PBXSourcesBuildPhase;
			buildActionMask = 2147483647;
			files = (
				152D5E4622859F22000CB141 /* Aula_5UITests.swift in Sources */,
			);
			runOnlyForDeploymentPostprocessing = 0;
		};
/* End PBXSourcesBuildPhase section */

/* Begin PBXTargetDependency section */
		152D5E3822859F22000CB141 /* PBXTargetDependency */ = {
			isa = PBXTargetDependency;
			target = 152D5E2122859F21000CB141 /* Aula 5 */;
			targetProxy = 152D5E3722859F22000CB141 /* PBXContainerItemProxy */;
		};
		152D5E4322859F22000CB141 /* PBXTargetDependency */ = {
			isa = PBXTargetDependency;
			target = 152D5E2122859F21000CB141 /* Aula 5 */;
			targetProxy = 152D5E4222859F22000CB141 /* PBXContainerItemProxy */;
		};
/* End PBXTargetDependency section */

/* Begin PBXVariantGroup section */
		152D5E2922859F21000CB141 /* Main.storyboard */ = {
			isa = PBXVariantGroup;
			children = (
				152D5E2A22859F21000CB141 /* Base */,
			);
			name = Main.storyboard;
			sourceTree = "<group>";
		};
		152D5E2E22859F22000CB141 /* LaunchScreen.storyboard */ = {
			isa = PBXVariantGroup;
			children = (
				152D5E2F22859F22000CB141 /* Base */,
			);
			name = LaunchScreen.storyboard;
			sourceTree = "<group>";
		};
/* End PBXVariantGroup section */

/* Begin XCBuildConfiguration section */
		152D5E4822859F22000CB141 /* Debug */ = {
			isa = XCBuildConfiguration;
			buildSettings = {
				ALWAYS_SEARCH_USER_PATHS = NO;
				CLANG_ANALYZER_NONNULL = YES;
				CLANG_ANALYZER_NUMBER_OBJECT_CONVERSION = YES_AGGRESSIVE;
				CLANG_CXX_LANGUAGE_STANDARD = "gnu++14";
				CLANG_CXX_LIBRARY = "libc++";
				CLANG_ENABLE_MODULES = YES;
				CLANG_ENABLE_OBJC_ARC = YES;
				CLANG_ENABLE_OBJC_WEAK = YES;
				CLANG_WARN_BLOCK_CAPTURE_AUTORELEASING = YES;
				CLANG_WARN_BOOL_CONVERSION = YES;
				CLANG_WARN_COMMA = YES;
				CLANG_WARN_CONSTANT_CONVERSION = YES;
				CLANG_WARN_DEPRECATED_OBJC_IMPLEMENTATIONS = YES;
				CLANG_WARN_DIRECT_OBJC_ISA_USAGE = YES_ERROR;
				CLANG_WARN_DOCUMENTATION_COMMENTS = YES;
				CLANG_WARN_EMPTY_BODY = YES;
				CLANG_WARN_ENUM_CONVERSION = YES;
				CLANG_WARN_INFINITE_RECURSION = YES;
				CLANG_WARN_INT_CONVERSION = YES;
				CLANG_WARN_NON_LITERAL_NULL_CONVERSION = YES;
				CLANG_WARN_OBJC_IMPLICIT_RETAIN_SELF = YES;
				CLANG_WARN_OBJC_LITERAL_CONVERSION = YES;
				CLANG_WARN_OBJC_ROOT_CLASS = YES_ERROR;
				CLANG_WARN_RANGE_LOOP_ANALYSIS = YES;
				CLANG_WARN_STRICT_PROTOTYPES = YES;
				CLANG_WARN_SUSPICIOUS_MOVE = YES;
				CLANG_WARN_UNGUARDED_AVAILABILITY = YES_AGGRESSIVE;
				CLANG_WARN_UNREACHABLE_CODE = YES;
				CLANG_WARN__DUPLICATE_METHOD_MATCH = YES;
				CODE_SIGN_IDENTITY = "iPhone Developer";
				COPY_PHASE_STRIP = NO;
				DEBUG_INFORMATION_FORMAT = dwarf;
				ENABLE_STRICT_OBJC_MSGSEND = YES;
				ENABLE_TESTABILITY = YES;
				GCC_C_LANGUAGE_STANDARD = gnu11;
				GCC_DYNAMIC_NO_PIC = NO;
				GCC_NO_COMMON_BLOCKS = YES;
				GCC_OPTIMIZATION_LEVEL = 0;
				GCC_PREPROCESSOR_DEFINITIONS = (
					"DEBUG=1",
					"$(inherited)",
				);
				GCC_WARN_64_TO_32_BIT_CONVERSION = YES;
				GCC_WARN_ABOUT_RETURN_TYPE = YES_ERROR;
				GCC_WARN_UNDECLARED_SELECTOR = YES;
				GCC_WARN_UNINITIALIZED_AUTOS = YES_AGGRESSIVE;
				GCC_WARN_UNUSED_FUNCTION = YES;
				GCC_WARN_UNUSED_VARIABLE = YES;
				IPHONEOS_DEPLOYMENT_TARGET = 12.2;
				MTL_ENABLE_DEBUG_INFO = INCLUDE_SOURCE;
				MTL_FAST_MATH = YES;
				ONLY_ACTIVE_ARCH = YES;
				SDKROOT = iphoneos;
				SWIFT_ACTIVE_COMPILATION_CONDITIONS = DEBUG;
				SWIFT_OPTIMIZATION_LEVEL = "-Onone";
			};
			name = Debug;
		};
		152D5E4922859F22000CB141 /* Release */ = {
			isa = XCBuildConfiguration;
			buildSettings = {
				ALWAYS_SEARCH_USER_PATHS = NO;
				CLANG_ANALYZER_NONNULL = YES;
				CLANG_ANALYZER_NUMBER_OBJECT_CONVERSION = YES_AGGRESSIVE;
				CLANG_CXX_LANGUAGE_STANDARD = "gnu++14";
				CLANG_CXX_LIBRARY = "libc++";
				CLANG_ENABLE_MODULES = YES;
				CLANG_ENABLE_OBJC_ARC = YES;
				CLANG_ENABLE_OBJC_WEAK = YES;
				CLANG_WARN_BLOCK_CAPTURE_AUTORELEASING = YES;
				CLANG_WARN_BOOL_CONVERSION = YES;
				CLANG_WARN_COMMA = YES;
				CLANG_WARN_CONSTANT_CONVERSION = YES;
				CLANG_WARN_DEPRECATED_OBJC_IMPLEMENTATIONS = YES;
				CLANG_WARN_DIRECT_OBJC_ISA_USAGE = YES_ERROR;
				CLANG_WARN_DOCUMENTATION_COMMENTS = YES;
				CLANG_WARN_EMPTY_BODY = YES;
				CLANG_WARN_ENUM_CONVERSION = YES;
				CLANG_WARN_INFINITE_RECURSION = YES;
				CLANG_WARN_INT_CONVERSION = YES;
				CLANG_WARN_NON_LITERAL_NULL_CONVERSION = YES;
				CLANG_WARN_OBJC_IMPLICIT_RETAIN_SELF = YES;
				CLANG_WARN_OBJC_LITERAL_CONVERSION = YES;
				CLANG_WARN_OBJC_ROOT_CLASS = YES_ERROR;
				CLANG_WARN_RANGE_LOOP_ANALYSIS = YES;
				CLANG_WARN_STRICT_PROTOTYPES = YES;
				CLANG_WARN_SUSPICIOUS_MOVE = YES;
				CLANG_WARN_UNGUARDED_AVAILABILITY = YES_AGGRESSIVE;
				CLANG_WARN_UNREACHABLE_CODE = YES;
				CLANG_WARN__DUPLICATE_METHOD_MATCH = YES;
				CODE_SIGN_IDENTITY = "iPhone Developer";
				COPY_PHASE_STRIP = NO;
				DEBUG_INFORMATION_FORMAT = "dwarf-with-dsym";
				ENABLE_NS_ASSERTIONS = NO;
				ENABLE_STRICT_OBJC_MSGSEND = YES;
				GCC_C_LANGUAGE_STANDARD = gnu11;
				GCC_NO_COMMON_BLOCKS = YES;
				GCC_WARN_64_TO_32_BIT_CONVERSION = YES;
				GCC_WARN_ABOUT_RETURN_TYPE = YES_ERROR;
				GCC_WARN_UNDECLARED_SELECTOR = YES;
				GCC_WARN_UNINITIALIZED_AUTOS = YES_AGGRESSIVE;
				GCC_WARN_UNUSED_FUNCTION = YES;
				GCC_WARN_UNUSED_VARIABLE = YES;
				IPHONEOS_DEPLOYMENT_TARGET = 12.2;
				MTL_ENABLE_DEBUG_INFO = NO;
				MTL_FAST_MATH = YES;
				SDKROOT = iphoneos;
				SWIFT_COMPILATION_MODE = wholemodule;
				SWIFT_OPTIMIZATION_LEVEL = "-O";
				VALIDATE_PRODUCT = YES;
			};
			name = Release;
		};
		152D5E4B22859F22000CB141 /* Debug */ = {
			isa = XCBuildConfiguration;
			buildSettings = {
				ASSETCATALOG_COMPILER_APPICON_NAME = AppIcon;
				CODE_SIGN_STYLE = Automatic;
				INFOPLIST_FILE = "$(SRCROOT)/Aula 5/Support/Info.plist";
				LD_RUNPATH_SEARCH_PATHS = (
					"$(inherited)",
					"@executable_path/Frameworks",
				);
				PRODUCT_BUNDLE_IDENTIFIER = "con.bruno.Aula-5";
				PRODUCT_NAME = "$(TARGET_NAME)";
				SWIFT_VERSION = 5.0;
				TARGETED_DEVICE_FAMILY = "1,2";
			};
			name = Debug;
		};
		152D5E4C22859F22000CB141 /* Release */ = {
			isa = XCBuildConfiguration;
			buildSettings = {
				ASSETCATALOG_COMPILER_APPICON_NAME = AppIcon;
				CODE_SIGN_STYLE = Automatic;
				INFOPLIST_FILE = "$(SRCROOT)/Aula 5/Support/Info.plist";
				LD_RUNPATH_SEARCH_PATHS = (
					"$(inherited)",
					"@executable_path/Frameworks",
				);
				PRODUCT_BUNDLE_IDENTIFIER = "con.bruno.Aula-5";
				PRODUCT_NAME = "$(TARGET_NAME)";
				SWIFT_VERSION = 5.0;
				TARGETED_DEVICE_FAMILY = "1,2";
			};
			name = Release;
		};
		152D5E4E22859F22000CB141 /* Debug */ = {
			isa = XCBuildConfiguration;
			buildSettings = {
				ALWAYS_EMBED_SWIFT_STANDARD_LIBRARIES = YES;
				BUNDLE_LOADER = "$(TEST_HOST)";
				CODE_SIGN_STYLE = Automatic;
				INFOPLIST_FILE = "Aula 5Tests/Info.plist";
				LD_RUNPATH_SEARCH_PATHS = (
					"$(inherited)",
					"@executable_path/Frameworks",
					"@loader_path/Frameworks",
				);
				PRODUCT_BUNDLE_IDENTIFIER = "con.bruno.Aula-5Tests";
				PRODUCT_NAME = "$(TARGET_NAME)";
				SWIFT_VERSION = 5.0;
				TARGETED_DEVICE_FAMILY = "1,2";
				TEST_HOST = "$(BUILT_PRODUCTS_DIR)/Aula 5.app/Aula 5";
			};
			name = Debug;
		};
		152D5E4F22859F22000CB141 /* Release */ = {
			isa = XCBuildConfiguration;
			buildSettings = {
				ALWAYS_EMBED_SWIFT_STANDARD_LIBRARIES = YES;
				BUNDLE_LOADER = "$(TEST_HOST)";
				CODE_SIGN_STYLE = Automatic;
				INFOPLIST_FILE = "Aula 5Tests/Info.plist";
				LD_RUNPATH_SEARCH_PATHS = (
					"$(inherited)",
					"@executable_path/Frameworks",
					"@loader_path/Frameworks",
				);
				PRODUCT_BUNDLE_IDENTIFIER = "con.bruno.Aula-5Tests";
				PRODUCT_NAME = "$(TARGET_NAME)";
				SWIFT_VERSION = 5.0;
				TARGETED_DEVICE_FAMILY = "1,2";
				TEST_HOST = "$(BUILT_PRODUCTS_DIR)/Aula 5.app/Aula 5";
			};
			name = Release;
		};
		152D5E5122859F22000CB141 /* Debug */ = {
			isa = XCBuildConfiguration;
			buildSettings = {
				ALWAYS_EMBED_SWIFT_STANDARD_LIBRARIES = YES;
				CODE_SIGN_STYLE = Automatic;
				INFOPLIST_FILE = "Aula 5UITests/Info.plist";
				LD_RUNPATH_SEARCH_PATHS = (
					"$(inherited)",
					"@executable_path/Frameworks",
					"@loader_path/Frameworks",
				);
				PRODUCT_BUNDLE_IDENTIFIER = "con.bruno.Aula-5UITests";
				PRODUCT_NAME = "$(TARGET_NAME)";
				SWIFT_VERSION = 5.0;
				TARGETED_DEVICE_FAMILY = "1,2";
				TEST_TARGET_NAME = "Aula 5";
			};
			name = Debug;
		};
		152D5E5222859F22000CB141 /* Release */ = {
			isa = XCBuildConfiguration;
			buildSettings = {
				ALWAYS_EMBED_SWIFT_STANDARD_LIBRARIES = YES;
				CODE_SIGN_STYLE = Automatic;
				INFOPLIST_FILE = "Aula 5UITests/Info.plist";
				LD_RUNPATH_SEARCH_PATHS = (
					"$(inherited)",
					"@executable_path/Frameworks",
					"@loader_path/Frameworks",
				);
				PRODUCT_BUNDLE_IDENTIFIER = "con.bruno.Aula-5UITests";
				PRODUCT_NAME = "$(TARGET_NAME)";
				SWIFT_VERSION = 5.0;
				TARGETED_DEVICE_FAMILY = "1,2";
				TEST_TARGET_NAME = "Aula 5";
			};
			name = Release;
		};
/* End XCBuildConfiguration section */

/* Begin XCConfigurationList section */
		152D5E1D22859F21000CB141 /* Build configuration list for PBXProject "Aula 5" */ = {
			isa = XCConfigurationList;
			buildConfigurations = (
				152D5E4822859F22000CB141 /* Debug */,
				152D5E4922859F22000CB141 /* Release */,
			);
			defaultConfigurationIsVisible = 0;
			defaultConfigurationName = Release;
		};
		152D5E4A22859F22000CB141 /* Build configuration list for PBXNativeTarget "Aula 5" */ = {
			isa = XCConfigurationList;
			buildConfigurations = (
				152D5E4B22859F22000CB141 /* Debug */,
				152D5E4C22859F22000CB141 /* Release */,
			);
			defaultConfigurationIsVisible = 0;
			defaultConfigurationName = Release;
		};
		152D5E4D22859F22000CB141 /* Build configuration list for PBXNativeTarget "Aula 5Tests" */ = {
			isa = XCConfigurationList;
			buildConfigurations = (
				152D5E4E22859F22000CB141 /* Debug */,
				152D5E4F22859F22000CB141 /* Release */,
			);
			defaultConfigurationIsVisible = 0;
			defaultConfigurationName = Release;
		};
		152D5E5022859F22000CB141 /* Build configuration list for PBXNativeTarget "Aula 5UITests" */ = {
			isa = XCConfigurationList;
			buildConfigurations = (
				152D5E5122859F22000CB141 /* Debug */,
				152D5E5222859F22000CB141 /* Release */,
			);
			defaultConfigurationIsVisible = 0;
			defaultConfigurationName = Release;
		};
/* End XCConfigurationList section */
	};
	rootObject = 152D5E1A22859F21000CB141 /* Project object */;
}
