// !$*UTF8*$!
{
	archiveVersion = 1;
	classes = {
	};
	objectVersion = 50;
	objects = {

/* Begin PBXBuildFile section */
		15025C7A228DA3FB002D6037 /* AppDelegate.swift in Sources */ = {isa = PBXBuildFile; fileRef = 15025C79228DA3FB002D6037 /* AppDelegate.swift */; };
		15025C7C228DA3FB002D6037 /* ViewController.swift in Sources */ = {isa = PBXBuildFile; fileRef = 15025C7B228DA3FB002D6037 /* ViewController.swift */; };
		15025C7F228DA3FB002D6037 /* Main.storyboard in Resources */ = {isa = PBXBuildFile; fileRef = 15025C7D228DA3FB002D6037 /* Main.storyboard */; };
		15025C81228DA402002D6037 /* Assets.xcassets in Resources */ = {isa = PBXBuildFile; fileRef = 15025C80228DA402002D6037 /* Assets.xcassets */; };
		15025C84228DA402002D6037 /* LaunchScreen.storyboard in Resources */ = {isa = PBXBuildFile; fileRef = 15025C82228DA402002D6037 /* LaunchScreen.storyboard */; };
		15025C8F228DA403002D6037 /* Temp2Tests.swift in Sources */ = {isa = PBXBuildFile; fileRef = 15025C8E228DA403002D6037 /* Temp2Tests.swift */; };
		15025C9A228DA403002D6037 /* Temp2UITests.swift in Sources */ = {isa = PBXBuildFile; fileRef = 15025C99228DA403002D6037 /* Temp2UITests.swift */; };
/* End PBXBuildFile section */

/* Begin PBXContainerItemProxy section */
		15025C8B228DA403002D6037 /* PBXContainerItemProxy */ = {
			isa = PBXContainerItemProxy;
			containerPortal = 15025C6E228DA3FA002D6037 /* Project object */;
			proxyType = 1;
			remoteGlobalIDString = 15025C75228DA3FA002D6037;
			remoteInfo = Temp2;
		};
		15025C96228DA403002D6037 /* PBXContainerItemProxy */ = {
			isa = PBXContainerItemProxy;
			containerPortal = 15025C6E228DA3FA002D6037 /* Project object */;
			proxyType = 1;
			remoteGlobalIDString = 15025C75228DA3FA002D6037;
			remoteInfo = Temp2;
		};
/* End PBXContainerItemProxy section */

/* Begin PBXFileReference section */
		15025C76228DA3FA002D6037 /* Temp2.app */ = {isa = PBXFileReference; explicitFileType = wrapper.application; includeInIndex = 0; path = Temp2.app; sourceTree = BUILT_PRODUCTS_DIR; };
		15025C79228DA3FB002D6037 /* AppDelegate.swift */ = {isa = PBXFileReference; lastKnownFileType = sourcecode.swift; path = AppDelegate.swift; sourceTree = "<group>"; };
		15025C7B228DA3FB002D6037 /* ViewController.swift */ = {isa = PBXFileReference; lastKnownFileType = sourcecode.swift; path = ViewController.swift; sourceTree = "<group>"; };
		15025C7E228DA3FB002D6037 /* Base */ = {isa = PBXFileReference; lastKnownFileType = file.storyboard; name = Base; path = Base.lproj/Main.storyboard; sourceTree = "<group>"; };
		15025C80228DA402002D6037 /* Assets.xcassets */ = {isa = PBXFileReference; lastKnownFileType = folder.assetcatalog; path = Assets.xcassets; sourceTree = "<group>"; };
		15025C83228DA402002D6037 /* Base */ = {isa = PBXFileReference; lastKnownFileType = file.storyboard; name = Base; path = Base.lproj/LaunchScreen.storyboard; sourceTree = "<group>"; };
		15025C85228DA402002D6037 /* Info.plist */ = {isa = PBXFileReference; lastKnownFileType = text.plist.xml; path = Info.plist; sourceTree = "<group>"; };
		15025C8A228DA403002D6037 /* Temp2Tests.xctest */ = {isa = PBXFileReference; explicitFileType = wrapper.cfbundle; includeInIndex = 0; path = Temp2Tests.xctest; sourceTree = BUILT_PRODUCTS_DIR; };
		15025C8E228DA403002D6037 /* Temp2Tests.swift */ = {isa = PBXFileReference; lastKnownFileType = sourcecode.swift; path = Temp2Tests.swift; sourceTree = "<group>"; };
		15025C90228DA403002D6037 /* Info.plist */ = {isa = PBXFileReference; lastKnownFileType = text.plist.xml; path = Info.plist; sourceTree = "<group>"; };
		15025C95228DA403002D6037 /* Temp2UITests.xctest */ = {isa = PBXFileReference; explicitFileType = wrapper.cfbundle; includeInIndex = 0; path = Temp2UITests.xctest; sourceTree = BUILT_PRODUCTS_DIR; };
		15025C99228DA403002D6037 /* Temp2UITests.swift */ = {isa = PBXFileReference; lastKnownFileType = sourcecode.swift; path = Temp2UITests.swift; sourceTree = "<group>"; };
		15025C9B228DA403002D6037 /* Info.plist */ = {isa = PBXFileReference; lastKnownFileType = text.plist.xml; path = Info.plist; sourceTree = "<group>"; };
/* End PBXFileReference section */

/* Begin PBXFrameworksBuildPhase section */
		15025C73228DA3FA002D6037 /* Frameworks */ = {
			isa = PBXFrameworksBuildPhase;
			buildActionMask = 2147483647;
			files = (
			);
			runOnlyForDeploymentPostprocessing = 0;
		};
		15025C87228DA403002D6037 /* Frameworks */ = {
			isa = PBXFrameworksBuildPhase;
			buildActionMask = 2147483647;
			files = (
			);
			runOnlyForDeploymentPostprocessing = 0;
		};
		15025C92228DA403002D6037 /* Frameworks */ = {
			isa = PBXFrameworksBuildPhase;
			buildActionMask = 2147483647;
			files = (
			);
			runOnlyForDeploymentPostprocessing = 0;
		};
/* End PBXFrameworksBuildPhase section */

/* Begin PBXGroup section */
		15025C6D228DA3FA002D6037 = {
			isa = PBXGroup;
			children = (
				15025C78228DA3FB002D6037 /* Temp2 */,
				15025C8D228DA403002D6037 /* Temp2Tests */,
				15025C98228DA403002D6037 /* Temp2UITests */,
				15025C77228DA3FA002D6037 /* Products */,
			);
			sourceTree = "<group>";
		};
		15025C77228DA3FA002D6037 /* Products */ = {
			isa = PBXGroup;
			children = (
				15025C76228DA3FA002D6037 /* Temp2.app */,
				15025C8A228DA403002D6037 /* Temp2Tests.xctest */,
				15025C95228DA403002D6037 /* Temp2UITests.xctest */,
			);
			name = Products;
			sourceTree = "<group>";
		};
		15025C78228DA3FB002D6037 /* Temp2 */ = {
			isa = PBXGroup;
			children = (
				15025C79228DA3FB002D6037 /* AppDelegate.swift */,
				15025C7B228DA3FB002D6037 /* ViewController.swift */,
				15025C7D228DA3FB002D6037 /* Main.storyboard */,
				15025C80228DA402002D6037 /* Assets.xcassets */,
				15025C82228DA402002D6037 /* LaunchScreen.storyboard */,
				15025C85228DA402002D6037 /* Info.plist */,
			);
			path = Temp2;
			sourceTree = "<group>";
		};
		15025C8D228DA403002D6037 /* Temp2Tests */ = {
			isa = PBXGroup;
			children = (
				15025C8E228DA403002D6037 /* Temp2Tests.swift */,
				15025C90228DA403002D6037 /* Info.plist */,
			);
			path = Temp2Tests;
			sourceTree = "<group>";
		};
		15025C98228DA403002D6037 /* Temp2UITests */ = {
			isa = PBXGroup;
			children = (
				15025C99228DA403002D6037 /* Temp2UITests.swift */,
				15025C9B228DA403002D6037 /* Info.plist */,
			);
			path = Temp2UITests;
			sourceTree = "<group>";
		};
/* End PBXGroup section */

/* Begin PBXNativeTarget section */
		15025C75228DA3FA002D6037 /* Temp2 */ = {
			isa = PBXNativeTarget;
			buildConfigurationList = 15025C9E228DA403002D6037 /* Build configuration list for PBXNativeTarget "Temp2" */;
			buildPhases = (
				15025C72228DA3FA002D6037 /* Sources */,
				15025C73228DA3FA002D6037 /* Frameworks */,
				15025C74228DA3FA002D6037 /* Resources */,
			);
			buildRules = (
			);
			dependencies = (
			);
			name = Temp2;
			productName = Temp2;
			productReference = 15025C76228DA3FA002D6037 /* Temp2.app */;
			productType = "com.apple.product-type.application";
		};
		15025C89228DA403002D6037 /* Temp2Tests */ = {
			isa = PBXNativeTarget;
			buildConfigurationList = 15025CA1228DA403002D6037 /* Build configuration list for PBXNativeTarget "Temp2Tests" */;
			buildPhases = (
				15025C86228DA403002D6037 /* Sources */,
				15025C87228DA403002D6037 /* Frameworks */,
				15025C88228DA403002D6037 /* Resources */,
			);
			buildRules = (
			);
			dependencies = (
				15025C8C228DA403002D6037 /* PBXTargetDependency */,
			);
			name = Temp2Tests;
			productName = Temp2Tests;
			productReference = 15025C8A228DA403002D6037 /* Temp2Tests.xctest */;
			productType = "com.apple.product-type.bundle.unit-test";
		};
		15025C94228DA403002D6037 /* Temp2UITests */ = {
			isa = PBXNativeTarget;
			buildConfigurationList = 15025CA4228DA403002D6037 /* Build configuration list for PBXNativeTarget "Temp2UITests" */;
			buildPhases = (
				15025C91228DA403002D6037 /* Sources */,
				15025C92228DA403002D6037 /* Frameworks */,
				15025C93228DA403002D6037 /* Resources */,
			);
			buildRules = (
			);
			dependencies = (
				15025C97228DA403002D6037 /* PBXTargetDependency */,
			);
			name = Temp2UITests;
			productName = Temp2UITests;
			productReference = 15025C95228DA403002D6037 /* Temp2UITests.xctest */;
			productType = "com.apple.product-type.bundle.ui-testing";
		};
/* End PBXNativeTarget section */

/* Begin PBXProject section */
		15025C6E228DA3FA002D6037 /* Project object */ = {
			isa = PBXProject;
			attributes = {
				LastSwiftUpdateCheck = 1020;
				LastUpgradeCheck = 1020;
				ORGANIZATIONNAME = "Bruno Adam Alves";
				TargetAttributes = {
					15025C75228DA3FA002D6037 = {
						CreatedOnToolsVersion = 10.2.1;
					};
					15025C89228DA403002D6037 = {
						CreatedOnToolsVersion = 10.2.1;
						TestTargetID = 15025C75228DA3FA002D6037;
					};
					15025C94228DA403002D6037 = {
						CreatedOnToolsVersion = 10.2.1;
						TestTargetID = 15025C75228DA3FA002D6037;
					};
				};
			};
			buildConfigurationList = 15025C71228DA3FA002D6037 /* Build configuration list for PBXProject "Temp2" */;
			compatibilityVersion = "Xcode 9.3";
			developmentRegion = en;
			hasScannedForEncodings = 0;
			knownRegions = (
				en,
				Base,
			);
			mainGroup = 15025C6D228DA3FA002D6037;
			productRefGroup = 15025C77228DA3FA002D6037 /* Products */;
			projectDirPath = "";
			projectRoot = "";
			targets = (
				15025C75228DA3FA002D6037 /* Temp2 */,
				15025C89228DA403002D6037 /* Temp2Tests */,
				15025C94228DA403002D6037 /* Temp2UITests */,
			);
		};
/* End PBXProject section */

/* Begin PBXResourcesBuildPhase section */
		15025C74228DA3FA002D6037 /* Resources */ = {
			isa = PBXResourcesBuildPhase;
			buildActionMask = 2147483647;
			files = (
				15025C84228DA402002D6037 /* LaunchScreen.storyboard in Resources */,
				15025C81228DA402002D6037 /* Assets.xcassets in Resources */,
				15025C7F228DA3FB002D6037 /* Main.storyboard in Resources */,
			);
			runOnlyForDeploymentPostprocessing = 0;
		};
		15025C88228DA403002D6037 /* Resources */ = {
			isa = PBXResourcesBuildPhase;
			buildActionMask = 2147483647;
			files = (
			);
			runOnlyForDeploymentPostprocessing = 0;
		};
		15025C93228DA403002D6037 /* Resources */ = {
			isa = PBXResourcesBuildPhase;
			buildActionMask = 2147483647;
			files = (
			);
			runOnlyForDeploymentPostprocessing = 0;
		};
/* End PBXResourcesBuildPhase section */

/* Begin PBXSourcesBuildPhase section */
		15025C72228DA3FA002D6037 /* Sources */ = {
			isa = PBXSourcesBuildPhase;
			buildActionMask = 2147483647;
			files = (
				15025C7C228DA3FB002D6037 /* ViewController.swift in Sources */,
				15025C7A228DA3FB002D6037 /* AppDelegate.swift in Sources */,
			);
			runOnlyForDeploymentPostprocessing = 0;
		};
		15025C86228DA403002D6037 /* Sources */ = {
			isa = PBXSourcesBuildPhase;
			buildActionMask = 2147483647;
			files = (
				15025C8F228DA403002D6037 /* Temp2Tests.swift in Sources */,
			);
			runOnlyForDeploymentPostprocessing = 0;
		};
		15025C91228DA403002D6037 /* Sources */ = {
			isa = PBXSourcesBuildPhase;
			buildActionMask = 2147483647;
			files = (
				15025C9A228DA403002D6037 /* Temp2UITests.swift in Sources */,
			);
			runOnlyForDeploymentPostprocessing = 0;
		};
/* End PBXSourcesBuildPhase section */

/* Begin PBXTargetDependency section */
		15025C8C228DA403002D6037 /* PBXTargetDependency */ = {
			isa = PBXTargetDependency;
			target = 15025C75228DA3FA002D6037 /* Temp2 */;
			targetProxy = 15025C8B228DA403002D6037 /* PBXContainerItemProxy */;
		};
		15025C97228DA403002D6037 /* PBXTargetDependency */ = {
			isa = PBXTargetDependency;
			target = 15025C75228DA3FA002D6037 /* Temp2 */;
			targetProxy = 15025C96228DA403002D6037 /* PBXContainerItemProxy */;
		};
/* End PBXTargetDependency section */

/* Begin PBXVariantGroup section */
		15025C7D228DA3FB002D6037 /* Main.storyboard */ = {
			isa = PBXVariantGroup;
			children = (
				15025C7E228DA3FB002D6037 /* Base */,
			);
			name = Main.storyboard;
			sourceTree = "<group>";
		};
		15025C82228DA402002D6037 /* LaunchScreen.storyboard */ = {
			isa = PBXVariantGroup;
			children = (
				15025C83228DA402002D6037 /* Base */,
			);
			name = LaunchScreen.storyboard;
			sourceTree = "<group>";
		};
/* End PBXVariantGroup section */

/* Begin XCBuildConfiguration section */
		15025C9C228DA403002D6037 /* Debug */ = {
			isa = XCBuildConfiguration;
			buildSettings = {
				ALWAYS_SEARCH_USER_PATHS = NO;
				CLANG_ANALYZER_NONNULL = YES;
				CLANG_ANALYZER_NUMBER_OBJECT_CONVERSION = YES_AGGRESSIVE;
				CLANG_CXX_LANGUAGE_STANDARD = "gnu++14";
				CLANG_CXX_LIBRARY = "libc++";
				CLANG_ENABLE_MODULES = YES;
				CLANG_ENABLE_OBJC_ARC = YES;
				CLANG_ENABLE_OBJC_WEAK = YES;
				CLANG_WARN_BLOCK_CAPTURE_AUTORELEASING = YES;
				CLANG_WARN_BOOL_CONVERSION = YES;
				CLANG_WARN_COMMA = YES;
				CLANG_WARN_CONSTANT_CONVERSION = YES;
				CLANG_WARN_DEPRECATED_OBJC_IMPLEMENTATIONS = YES;
				CLANG_WARN_DIRECT_OBJC_ISA_USAGE = YES_ERROR;
				CLANG_WARN_DOCUMENTATION_COMMENTS = YES;
				CLANG_WARN_EMPTY_BODY = YES;
				CLANG_WARN_ENUM_CONVERSION = YES;
				CLANG_WARN_INFINITE_RECURSION = YES;
				CLANG_WARN_INT_CONVERSION = YES;
				CLANG_WARN_NON_LITERAL_NULL_CONVERSION = YES;
				CLANG_WARN_OBJC_IMPLICIT_RETAIN_SELF = YES;
				CLANG_WARN_OBJC_LITERAL_CONVERSION = YES;
				CLANG_WARN_OBJC_ROOT_CLASS = YES_ERROR;
				CLANG_WARN_RANGE_LOOP_ANALYSIS = YES;
				CLANG_WARN_STRICT_PROTOTYPES = YES;
				CLANG_WARN_SUSPICIOUS_MOVE = YES;
				CLANG_WARN_UNGUARDED_AVAILABILITY = YES_AGGRESSIVE;
				CLANG_WARN_UNREACHABLE_CODE = YES;
				CLANG_WARN__DUPLICATE_METHOD_MATCH = YES;
				CODE_SIGN_IDENTITY = "iPhone Developer";
				COPY_PHASE_STRIP = NO;
				DEBUG_INFORMATION_FORMAT = dwarf;
				ENABLE_STRICT_OBJC_MSGSEND = YES;
				ENABLE_TESTABILITY = YES;
				GCC_C_LANGUAGE_STANDARD = gnu11;
				GCC_DYNAMIC_NO_PIC = NO;
				GCC_NO_COMMON_BLOCKS = YES;
				GCC_OPTIMIZATION_LEVEL = 0;
				GCC_PREPROCESSOR_DEFINITIONS = (
					"DEBUG=1",
					"$(inherited)",
				);
				GCC_WARN_64_TO_32_BIT_CONVERSION = YES;
				GCC_WARN_ABOUT_RETURN_TYPE = YES_ERROR;
				GCC_WARN_UNDECLARED_SELECTOR = YES;
				GCC_WARN_UNINITIALIZED_AUTOS = YES_AGGRESSIVE;
				GCC_WARN_UNUSED_FUNCTION = YES;
				GCC_WARN_UNUSED_VARIABLE = YES;
				IPHONEOS_DEPLOYMENT_TARGET = 12.2;
				MTL_ENABLE_DEBUG_INFO = INCLUDE_SOURCE;
				MTL_FAST_MATH = YES;
				ONLY_ACTIVE_ARCH = YES;
				SDKROOT = iphoneos;
				SWIFT_ACTIVE_COMPILATION_CONDITIONS = DEBUG;
				SWIFT_OPTIMIZATION_LEVEL = "-Onone";
			};
			name = Debug;
		};
		15025C9D228DA403002D6037 /* Release */ = {
			isa = XCBuildConfiguration;
			buildSettings = {
				ALWAYS_SEARCH_USER_PATHS = NO;
				CLANG_ANALYZER_NONNULL = YES;
				CLANG_ANALYZER_NUMBER_OBJECT_CONVERSION = YES_AGGRESSIVE;
				CLANG_CXX_LANGUAGE_STANDARD = "gnu++14";
				CLANG_CXX_LIBRARY = "libc++";
				CLANG_ENABLE_MODULES = YES;
				CLANG_ENABLE_OBJC_ARC = YES;
				CLANG_ENABLE_OBJC_WEAK = YES;
				CLANG_WARN_BLOCK_CAPTURE_AUTORELEASING = YES;
				CLANG_WARN_BOOL_CONVERSION = YES;
				CLANG_WARN_COMMA = YES;
				CLANG_WARN_CONSTANT_CONVERSION = YES;
				CLANG_WARN_DEPRECATED_OBJC_IMPLEMENTATIONS = YES;
				CLANG_WARN_DIRECT_OBJC_ISA_USAGE = YES_ERROR;
				CLANG_WARN_DOCUMENTATION_COMMENTS = YES;
				CLANG_WARN_EMPTY_BODY = YES;
				CLANG_WARN_ENUM_CONVERSION = YES;
				CLANG_WARN_INFINITE_RECURSION = YES;
				CLANG_WARN_INT_CONVERSION = YES;
				CLANG_WARN_NON_LITERAL_NULL_CONVERSION = YES;
				CLANG_WARN_OBJC_IMPLICIT_RETAIN_SELF = YES;
				CLANG_WARN_OBJC_LITERAL_CONVERSION = YES;
				CLANG_WARN_OBJC_ROOT_CLASS = YES_ERROR;
				CLANG_WARN_RANGE_LOOP_ANALYSIS = YES;
				CLANG_WARN_STRICT_PROTOTYPES = YES;
				CLANG_WARN_SUSPICIOUS_MOVE = YES;
				CLANG_WARN_UNGUARDED_AVAILABILITY = YES_AGGRESSIVE;
				CLANG_WARN_UNREACHABLE_CODE = YES;
				CLANG_WARN__DUPLICATE_METHOD_MATCH = YES;
				CODE_SIGN_IDENTITY = "iPhone Developer";
				COPY_PHASE_STRIP = NO;
				DEBUG_INFORMATION_FORMAT = "dwarf-with-dsym";
				ENABLE_NS_ASSERTIONS = NO;
				ENABLE_STRICT_OBJC_MSGSEND = YES;
				GCC_C_LANGUAGE_STANDARD = gnu11;
				GCC_NO_COMMON_BLOCKS = YES;
				GCC_WARN_64_TO_32_BIT_CONVERSION = YES;
				GCC_WARN_ABOUT_RETURN_TYPE = YES_ERROR;
				GCC_WARN_UNDECLARED_SELECTOR = YES;
				GCC_WARN_UNINITIALIZED_AUTOS = YES_AGGRESSIVE;
				GCC_WARN_UNUSED_FUNCTION = YES;
				GCC_WARN_UNUSED_VARIABLE = YES;
				IPHONEOS_DEPLOYMENT_TARGET = 12.2;
				MTL_ENABLE_DEBUG_INFO = NO;
				MTL_FAST_MATH = YES;
				SDKROOT = iphoneos;
				SWIFT_COMPILATION_MODE = wholemodule;
				SWIFT_OPTIMIZATION_LEVEL = "-O";
				VALIDATE_PRODUCT = YES;
			};
			name = Release;
		};
		15025C9F228DA403002D6037 /* Debug */ = {
			isa = XCBuildConfiguration;
			buildSettings = {
				ASSETCATALOG_COMPILER_APPICON_NAME = AppIcon;
				CODE_SIGN_STYLE = Automatic;
				INFOPLIST_FILE = Temp2/Info.plist;
				LD_RUNPATH_SEARCH_PATHS = (
					"$(inherited)",
					"@executable_path/Frameworks",
				);
				PRODUCT_BUNDLE_IDENTIFIER = con.bruno.Temp2;
				PRODUCT_NAME = "$(TARGET_NAME)";
				SWIFT_VERSION = 5.0;
				TARGETED_DEVICE_FAMILY = "1,2";
			};
			name = Debug;
		};
		15025CA0228DA403002D6037 /* Release */ = {
			isa = XCBuildConfiguration;
			buildSettings = {
				ASSETCATALOG_COMPILER_APPICON_NAME = AppIcon;
				CODE_SIGN_STYLE = Automatic;
				INFOPLIST_FILE = Temp2/Info.plist;
				LD_RUNPATH_SEARCH_PATHS = (
					"$(inherited)",
					"@executable_path/Frameworks",
				);
				PRODUCT_BUNDLE_IDENTIFIER = con.bruno.Temp2;
				PRODUCT_NAME = "$(TARGET_NAME)";
				SWIFT_VERSION = 5.0;
				TARGETED_DEVICE_FAMILY = "1,2";
			};
			name = Release;
		};
		15025CA2228DA403002D6037 /* Debug */ = {
			isa = XCBuildConfiguration;
			buildSettings = {
				ALWAYS_EMBED_SWIFT_STANDARD_LIBRARIES = YES;
				BUNDLE_LOADER = "$(TEST_HOST)";
				CODE_SIGN_STYLE = Automatic;
				INFOPLIST_FILE = Temp2Tests/Info.plist;
				LD_RUNPATH_SEARCH_PATHS = (
					"$(inherited)",
					"@executable_path/Frameworks",
					"@loader_path/Frameworks",
				);
				PRODUCT_BUNDLE_IDENTIFIER = con.bruno.Temp2Tests;
				PRODUCT_NAME = "$(TARGET_NAME)";
				SWIFT_VERSION = 5.0;
				TARGETED_DEVICE_FAMILY = "1,2";
				TEST_HOST = "$(BUILT_PRODUCTS_DIR)/Temp2.app/Temp2";
			};
			name = Debug;
		};
		15025CA3228DA403002D6037 /* Release */ = {
			isa = XCBuildConfiguration;
			buildSettings = {
				ALWAYS_EMBED_SWIFT_STANDARD_LIBRARIES = YES;
				BUNDLE_LOADER = "$(TEST_HOST)";
				CODE_SIGN_STYLE = Automatic;
				INFOPLIST_FILE = Temp2Tests/Info.plist;
				LD_RUNPATH_SEARCH_PATHS = (
					"$(inherited)",
					"@executable_path/Frameworks",
					"@loader_path/Frameworks",
				);
				PRODUCT_BUNDLE_IDENTIFIER = con.bruno.Temp2Tests;
				PRODUCT_NAME = "$(TARGET_NAME)";
				SWIFT_VERSION = 5.0;
				TARGETED_DEVICE_FAMILY = "1,2";
				TEST_HOST = "$(BUILT_PRODUCTS_DIR)/Temp2.app/Temp2";
			};
			name = Release;
		};
		15025CA5228DA403002D6037 /* Debug */ = {
			isa = XCBuildConfiguration;
			buildSettings = {
				ALWAYS_EMBED_SWIFT_STANDARD_LIBRARIES = YES;
				CODE_SIGN_STYLE = Automatic;
				INFOPLIST_FILE = Temp2UITests/Info.plist;
				LD_RUNPATH_SEARCH_PATHS = (
					"$(inherited)",
					"@executable_path/Frameworks",
					"@loader_path/Frameworks",
				);
				PRODUCT_BUNDLE_IDENTIFIER = con.bruno.Temp2UITests;
				PRODUCT_NAME = "$(TARGET_NAME)";
				SWIFT_VERSION = 5.0;
				TARGETED_DEVICE_FAMILY = "1,2";
				TEST_TARGET_NAME = Temp2;
			};
			name = Debug;
		};
		15025CA6228DA403002D6037 /* Release */ = {
			isa = XCBuildConfiguration;
			buildSettings = {
				ALWAYS_EMBED_SWIFT_STANDARD_LIBRARIES = YES;
				CODE_SIGN_STYLE = Automatic;
				INFOPLIST_FILE = Temp2UITests/Info.plist;
				LD_RUNPATH_SEARCH_PATHS = (
					"$(inherited)",
					"@executable_path/Frameworks",
					"@loader_path/Frameworks",
				);
				PRODUCT_BUNDLE_IDENTIFIER = con.bruno.Temp2UITests;
				PRODUCT_NAME = "$(TARGET_NAME)";
				SWIFT_VERSION = 5.0;
				TARGETED_DEVICE_FAMILY = "1,2";
				TEST_TARGET_NAME = Temp2;
			};
			name = Release;
		};
/* End XCBuildConfiguration section */

/* Begin XCConfigurationList section */
		15025C71228DA3FA002D6037 /* Build configuration list for PBXProject "Temp2" */ = {
			isa = XCConfigurationList;
			buildConfigurations = (
				15025C9C228DA403002D6037 /* Debug */,
				15025C9D228DA403002D6037 /* Release */,
			);
			defaultConfigurationIsVisible = 0;
			defaultConfigurationName = Release;
		};
		15025C9E228DA403002D6037 /* Build configuration list for PBXNativeTarget "Temp2" */ = {
			isa = XCConfigurationList;
			buildConfigurations = (
				15025C9F228DA403002D6037 /* Debug */,
				15025CA0228DA403002D6037 /* Release */,
			);
			defaultConfigurationIsVisible = 0;
			defaultConfigurationName = Release;
		};
		15025CA1228DA403002D6037 /* Build configuration list for PBXNativeTarget "Temp2Tests" */ = {
			isa = XCConfigurationList;
			buildConfigurations = (
				15025CA2228DA403002D6037 /* Debug */,
				15025CA3228DA403002D6037 /* Release */,
			);
			defaultConfigurationIsVisible = 0;
			defaultConfigurationName = Release;
		};
		15025CA4228DA403002D6037 /* Build configuration list for PBXNativeTarget "Temp2UITests" */ = {
			isa = XCConfigurationList;
			buildConfigurations = (
				15025CA5228DA403002D6037 /* Debug */,
				15025CA6228DA403002D6037 /* Release */,
			);
			defaultConfigurationIsVisible = 0;
			defaultConfigurationName = Release;
		};
/* End XCConfigurationList section */
	};
	rootObject = 15025C6E228DA3FA002D6037 /* Project object */;
}
