// !$*UTF8*$!
{
	archiveVersion = 1;
	classes = {
	};
	objectVersion = 50;
	objects = {

/* Begin PBXBuildFile section */
		155AAF31228C351C00158A44 /* AppDelegate.swift in Sources */ = {isa = PBXBuildFile; fileRef = 155AAF30228C351C00158A44 /* AppDelegate.swift */; };
		155AAF33228C351C00158A44 /* ViewController.swift in Sources */ = {isa = PBXBuildFile; fileRef = 155AAF32228C351C00158A44 /* ViewController.swift */; };
		155AAF36228C351C00158A44 /* Main.storyboard in Resources */ = {isa = PBXBuildFile; fileRef = 155AAF34228C351C00158A44 /* Main.storyboard */; };
		155AAF38228C351C00158A44 /* Assets.xcassets in Resources */ = {isa = PBXBuildFile; fileRef = 155AAF37228C351C00158A44 /* Assets.xcassets */; };
		155AAF3B228C351C00158A44 /* LaunchScreen.storyboard in Resources */ = {isa = PBXBuildFile; fileRef = 155AAF39228C351C00158A44 /* LaunchScreen.storyboard */; };
		155AAF46228C351D00158A44 /* Aula_8Tests.swift in Sources */ = {isa = PBXBuildFile; fileRef = 155AAF45228C351D00158A44 /* Aula_8Tests.swift */; };
		155AAF51228C351D00158A44 /* Aula_8UITests.swift in Sources */ = {isa = PBXBuildFile; fileRef = 155AAF50228C351D00158A44 /* Aula_8UITests.swift */; };
		155AAF5F228C35BF00158A44 /* CustomTableViewCell.swift in Sources */ = {isa = PBXBuildFile; fileRef = 155AAF5E228C35BF00158A44 /* CustomTableViewCell.swift */; };
/* End PBXBuildFile section */

/* Begin PBXContainerItemProxy section */
		155AAF42228C351C00158A44 /* PBXContainerItemProxy */ = {
			isa = PBXContainerItemProxy;
			containerPortal = 155AAF25228C351C00158A44 /* Project object */;
			proxyType = 1;
			remoteGlobalIDString = 155AAF2C228C351C00158A44;
			remoteInfo = "Aula 8";
		};
		155AAF4D228C351D00158A44 /* PBXContainerItemProxy */ = {
			isa = PBXContainerItemProxy;
			containerPortal = 155AAF25228C351C00158A44 /* Project object */;
			proxyType = 1;
			remoteGlobalIDString = 155AAF2C228C351C00158A44;
			remoteInfo = "Aula 8";
		};
/* End PBXContainerItemProxy section */

/* Begin PBXFileReference section */
		155AAF2D228C351C00158A44 /* Aula 8.app */ = {isa = PBXFileReference; explicitFileType = wrapper.application; includeInIndex = 0; path = "Aula 8.app"; sourceTree = BUILT_PRODUCTS_DIR; };
		155AAF30228C351C00158A44 /* AppDelegate.swift */ = {isa = PBXFileReference; lastKnownFileType = sourcecode.swift; path = AppDelegate.swift; sourceTree = "<group>"; };
		155AAF32228C351C00158A44 /* ViewController.swift */ = {isa = PBXFileReference; lastKnownFileType = sourcecode.swift; path = ViewController.swift; sourceTree = "<group>"; };
		155AAF35228C351C00158A44 /* Base */ = {isa = PBXFileReference; lastKnownFileType = file.storyboard; name = Base; path = Base.lproj/Main.storyboard; sourceTree = "<group>"; };
		155AAF37228C351C00158A44 /* Assets.xcassets */ = {isa = PBXFileReference; lastKnownFileType = folder.assetcatalog; path = Assets.xcassets; sourceTree = "<group>"; };
		155AAF3A228C351C00158A44 /* Base */ = {isa = PBXFileReference; lastKnownFileType = file.storyboard; name = Base; path = Base.lproj/LaunchScreen.storyboard; sourceTree = "<group>"; };
		155AAF3C228C351C00158A44 /* Info.plist */ = {isa = PBXFileReference; lastKnownFileType = text.plist.xml; path = Info.plist; sourceTree = "<group>"; };
		155AAF41228C351C00158A44 /* Aula 8Tests.xctest */ = {isa = PBXFileReference; explicitFileType = wrapper.cfbundle; includeInIndex = 0; path = "Aula 8Tests.xctest"; sourceTree = BUILT_PRODUCTS_DIR; };
		155AAF45228C351D00158A44 /* Aula_8Tests.swift */ = {isa = PBXFileReference; lastKnownFileType = sourcecode.swift; path = Aula_8Tests.swift; sourceTree = "<group>"; };
		155AAF47228C351D00158A44 /* Info.plist */ = {isa = PBXFileReference; lastKnownFileType = text.plist.xml; path = Info.plist; sourceTree = "<group>"; };
		155AAF4C228C351D00158A44 /* Aula 8UITests.xctest */ = {isa = PBXFileReference; explicitFileType = wrapper.cfbundle; includeInIndex = 0; path = "Aula 8UITests.xctest"; sourceTree = BUILT_PRODUCTS_DIR; };
		155AAF50228C351D00158A44 /* Aula_8UITests.swift */ = {isa = PBXFileReference; lastKnownFileType = sourcecode.swift; path = Aula_8UITests.swift; sourceTree = "<group>"; };
		155AAF52228C351D00158A44 /* Info.plist */ = {isa = PBXFileReference; lastKnownFileType = text.plist.xml; path = Info.plist; sourceTree = "<group>"; };
		155AAF5E228C35BF00158A44 /* CustomTableViewCell.swift */ = {isa = PBXFileReference; lastKnownFileType = sourcecode.swift; path = CustomTableViewCell.swift; sourceTree = "<group>"; };
/* End PBXFileReference section */

/* Begin PBXFrameworksBuildPhase section */
		155AAF2A228C351C00158A44 /* Frameworks */ = {
			isa = PBXFrameworksBuildPhase;
			buildActionMask = 2147483647;
			files = (
			);
			runOnlyForDeploymentPostprocessing = 0;
		};
		155AAF3E228C351C00158A44 /* Frameworks */ = {
			isa = PBXFrameworksBuildPhase;
			buildActionMask = 2147483647;
			files = (
			);
			runOnlyForDeploymentPostprocessing = 0;
		};
		155AAF49228C351D00158A44 /* Frameworks */ = {
			isa = PBXFrameworksBuildPhase;
			buildActionMask = 2147483647;
			files = (
			);
			runOnlyForDeploymentPostprocessing = 0;
		};
/* End PBXFrameworksBuildPhase section */

/* Begin PBXGroup section */
		155AAF24228C351C00158A44 = {
			isa = PBXGroup;
			children = (
				155AAF2F228C351C00158A44 /* Aula 8 */,
				155AAF44228C351D00158A44 /* Aula 8Tests */,
				155AAF4F228C351D00158A44 /* Aula 8UITests */,
				155AAF2E228C351C00158A44 /* Products */,
			);
			sourceTree = "<group>";
		};
		155AAF2E228C351C00158A44 /* Products */ = {
			isa = PBXGroup;
			children = (
				155AAF2D228C351C00158A44 /* Aula 8.app */,
				155AAF41228C351C00158A44 /* Aula 8Tests.xctest */,
				155AAF4C228C351D00158A44 /* Aula 8UITests.xctest */,
			);
			name = Products;
			sourceTree = "<group>";
		};
		155AAF2F228C351C00158A44 /* Aula 8 */ = {
			isa = PBXGroup;
			children = (
				155AAF30228C351C00158A44 /* AppDelegate.swift */,
				155AAF32228C351C00158A44 /* ViewController.swift */,
				155AAF34228C351C00158A44 /* Main.storyboard */,
				155AAF5E228C35BF00158A44 /* CustomTableViewCell.swift */,
				155AAF37228C351C00158A44 /* Assets.xcassets */,
				155AAF39228C351C00158A44 /* LaunchScreen.storyboard */,
				155AAF3C228C351C00158A44 /* Info.plist */,
			);
			path = "Aula 8";
			sourceTree = "<group>";
		};
		155AAF44228C351D00158A44 /* Aula 8Tests */ = {
			isa = PBXGroup;
			children = (
				155AAF45228C351D00158A44 /* Aula_8Tests.swift */,
				155AAF47228C351D00158A44 /* Info.plist */,
			);
			path = "Aula 8Tests";
			sourceTree = "<group>";
		};
		155AAF4F228C351D00158A44 /* Aula 8UITests */ = {
			isa = PBXGroup;
			children = (
				155AAF50228C351D00158A44 /* Aula_8UITests.swift */,
				155AAF52228C351D00158A44 /* Info.plist */,
			);
			path = "Aula 8UITests";
			sourceTree = "<group>";
		};
/* End PBXGroup section */

/* Begin PBXNativeTarget section */
		155AAF2C228C351C00158A44 /* Aula 8 */ = {
			isa = PBXNativeTarget;
			buildConfigurationList = 155AAF55228C351D00158A44 /* Build configuration list for PBXNativeTarget "Aula 8" */;
			buildPhases = (
				155AAF29228C351C00158A44 /* Sources */,
				155AAF2A228C351C00158A44 /* Frameworks */,
				155AAF2B228C351C00158A44 /* Resources */,
			);
			buildRules = (
			);
			dependencies = (
			);
			name = "Aula 8";
			productName = "Aula 8";
			productReference = 155AAF2D228C351C00158A44 /* Aula 8.app */;
			productType = "com.apple.product-type.application";
		};
		155AAF40228C351C00158A44 /* Aula 8Tests */ = {
			isa = PBXNativeTarget;
			buildConfigurationList = 155AAF58228C351D00158A44 /* Build configuration list for PBXNativeTarget "Aula 8Tests" */;
			buildPhases = (
				155AAF3D228C351C00158A44 /* Sources */,
				155AAF3E228C351C00158A44 /* Frameworks */,
				155AAF3F228C351C00158A44 /* Resources */,
			);
			buildRules = (
			);
			dependencies = (
				155AAF43228C351C00158A44 /* PBXTargetDependency */,
			);
			name = "Aula 8Tests";
			productName = "Aula 8Tests";
			productReference = 155AAF41228C351C00158A44 /* Aula 8Tests.xctest */;
			productType = "com.apple.product-type.bundle.unit-test";
		};
		155AAF4B228C351D00158A44 /* Aula 8UITests */ = {
			isa = PBXNativeTarget;
			buildConfigurationList = 155AAF5B228C351D00158A44 /* Build configuration list for PBXNativeTarget "Aula 8UITests" */;
			buildPhases = (
				155AAF48228C351D00158A44 /* Sources */,
				155AAF49228C351D00158A44 /* Frameworks */,
				155AAF4A228C351D00158A44 /* Resources */,
			);
			buildRules = (
			);
			dependencies = (
				155AAF4E228C351D00158A44 /* PBXTargetDependency */,
			);
			name = "Aula 8UITests";
			productName = "Aula 8UITests";
			productReference = 155AAF4C228C351D00158A44 /* Aula 8UITests.xctest */;
			productType = "com.apple.product-type.bundle.ui-testing";
		};
/* End PBXNativeTarget section */

/* Begin PBXProject section */
		155AAF25228C351C00158A44 /* Project object */ = {
			isa = PBXProject;
			attributes = {
				LastSwiftUpdateCheck = 1020;
				LastUpgradeCheck = 1020;
				ORGANIZATIONNAME = "Bruno Adam Alves";
				TargetAttributes = {
					155AAF2C228C351C00158A44 = {
						CreatedOnToolsVersion = 10.2.1;
					};
					155AAF40228C351C00158A44 = {
						CreatedOnToolsVersion = 10.2.1;
						TestTargetID = 155AAF2C228C351C00158A44;
					};
					155AAF4B228C351D00158A44 = {
						CreatedOnToolsVersion = 10.2.1;
						TestTargetID = 155AAF2C228C351C00158A44;
					};
				};
			};
			buildConfigurationList = 155AAF28228C351C00158A44 /* Build configuration list for PBXProject "Aula 8" */;
			compatibilityVersion = "Xcode 9.3";
			developmentRegion = en;
			hasScannedForEncodings = 0;
			knownRegions = (
				en,
				Base,
			);
			mainGroup = 155AAF24228C351C00158A44;
			productRefGroup = 155AAF2E228C351C00158A44 /* Products */;
			projectDirPath = "";
			projectRoot = "";
			targets = (
				155AAF2C228C351C00158A44 /* Aula 8 */,
				155AAF40228C351C00158A44 /* Aula 8Tests */,
				155AAF4B228C351D00158A44 /* Aula 8UITests */,
			);
		};
/* End PBXProject section */

/* Begin PBXResourcesBuildPhase section */
		155AAF2B228C351C00158A44 /* Resources */ = {
			isa = PBXResourcesBuildPhase;
			buildActionMask = 2147483647;
			files = (
				155AAF3B228C351C00158A44 /* LaunchScreen.storyboard in Resources */,
				155AAF38228C351C00158A44 /* Assets.xcassets in Resources */,
				155AAF36228C351C00158A44 /* Main.storyboard in Resources */,
			);
			runOnlyForDeploymentPostprocessing = 0;
		};
		155AAF3F228C351C00158A44 /* Resources */ = {
			isa = PBXResourcesBuildPhase;
			buildActionMask = 2147483647;
			files = (
			);
			runOnlyForDeploymentPostprocessing = 0;
		};
		155AAF4A228C351D00158A44 /* Resources */ = {
			isa = PBXResourcesBuildPhase;
			buildActionMask = 2147483647;
			files = (
			);
			runOnlyForDeploymentPostprocessing = 0;
		};
/* End PBXResourcesBuildPhase section */

/* Begin PBXSourcesBuildPhase section */
		155AAF29228C351C00158A44 /* Sources */ = {
			isa = PBXSourcesBuildPhase;
			buildActionMask = 2147483647;
			files = (
				155AAF5F228C35BF00158A44 /* CustomTableViewCell.swift in Sources */,
				155AAF33228C351C00158A44 /* ViewController.swift in Sources */,
				155AAF31228C351C00158A44 /* AppDelegate.swift in Sources */,
			);
			runOnlyForDeploymentPostprocessing = 0;
		};
		155AAF3D228C351C00158A44 /* Sources */ = {
			isa = PBXSourcesBuildPhase;
			buildActionMask = 2147483647;
			files = (
				155AAF46228C351D00158A44 /* Aula_8Tests.swift in Sources */,
			);
			runOnlyForDeploymentPostprocessing = 0;
		};
		155AAF48228C351D00158A44 /* Sources */ = {
			isa = PBXSourcesBuildPhase;
			buildActionMask = 2147483647;
			files = (
				155AAF51228C351D00158A44 /* Aula_8UITests.swift in Sources */,
			);
			runOnlyForDeploymentPostprocessing = 0;
		};
/* End PBXSourcesBuildPhase section */

/* Begin PBXTargetDependency section */
		155AAF43228C351C00158A44 /* PBXTargetDependency */ = {
			isa = PBXTargetDependency;
			target = 155AAF2C228C351C00158A44 /* Aula 8 */;
			targetProxy = 155AAF42228C351C00158A44 /* PBXContainerItemProxy */;
		};
		155AAF4E228C351D00158A44 /* PBXTargetDependency */ = {
			isa = PBXTargetDependency;
			target = 155AAF2C228C351C00158A44 /* Aula 8 */;
			targetProxy = 155AAF4D228C351D00158A44 /* PBXContainerItemProxy */;
		};
/* End PBXTargetDependency section */

/* Begin PBXVariantGroup section */
		155AAF34228C351C00158A44 /* Main.storyboard */ = {
			isa = PBXVariantGroup;
			children = (
				155AAF35228C351C00158A44 /* Base */,
			);
			name = Main.storyboard;
			sourceTree = "<group>";
		};
		155AAF39228C351C00158A44 /* LaunchScreen.storyboard */ = {
			isa = PBXVariantGroup;
			children = (
				155AAF3A228C351C00158A44 /* Base */,
			);
			name = LaunchScreen.storyboard;
			sourceTree = "<group>";
		};
/* End PBXVariantGroup section */

/* Begin XCBuildConfiguration section */
		155AAF53228C351D00158A44 /* Debug */ = {
			isa = XCBuildConfiguration;
			buildSettings = {
				ALWAYS_SEARCH_USER_PATHS = NO;
				CLANG_ANALYZER_NONNULL = YES;
				CLANG_ANALYZER_NUMBER_OBJECT_CONVERSION = YES_AGGRESSIVE;
				CLANG_CXX_LANGUAGE_STANDARD = "gnu++14";
				CLANG_CXX_LIBRARY = "libc++";
				CLANG_ENABLE_MODULES = YES;
				CLANG_ENABLE_OBJC_ARC = YES;
				CLANG_ENABLE_OBJC_WEAK = YES;
				CLANG_WARN_BLOCK_CAPTURE_AUTORELEASING = YES;
				CLANG_WARN_BOOL_CONVERSION = YES;
				CLANG_WARN_COMMA = YES;
				CLANG_WARN_CONSTANT_CONVERSION = YES;
				CLANG_WARN_DEPRECATED_OBJC_IMPLEMENTATIONS = YES;
				CLANG_WARN_DIRECT_OBJC_ISA_USAGE = YES_ERROR;
				CLANG_WARN_DOCUMENTATION_COMMENTS = YES;
				CLANG_WARN_EMPTY_BODY = YES;
				CLANG_WARN_ENUM_CONVERSION = YES;
				CLANG_WARN_INFINITE_RECURSION = YES;
				CLANG_WARN_INT_CONVERSION = YES;
				CLANG_WARN_NON_LITERAL_NULL_CONVERSION = YES;
				CLANG_WARN_OBJC_IMPLICIT_RETAIN_SELF = YES;
				CLANG_WARN_OBJC_LITERAL_CONVERSION = YES;
				CLANG_WARN_OBJC_ROOT_CLASS = YES_ERROR;
				CLANG_WARN_RANGE_LOOP_ANALYSIS = YES;
				CLANG_WARN_STRICT_PROTOTYPES = YES;
				CLANG_WARN_SUSPICIOUS_MOVE = YES;
				CLANG_WARN_UNGUARDED_AVAILABILITY = YES_AGGRESSIVE;
				CLANG_WARN_UNREACHABLE_CODE = YES;
				CLANG_WARN__DUPLICATE_METHOD_MATCH = YES;
				CODE_SIGN_IDENTITY = "iPhone Developer";
				COPY_PHASE_STRIP = NO;
				DEBUG_INFORMATION_FORMAT = dwarf;
				ENABLE_STRICT_OBJC_MSGSEND = YES;
				ENABLE_TESTABILITY = YES;
				GCC_C_LANGUAGE_STANDARD = gnu11;
				GCC_DYNAMIC_NO_PIC = NO;
				GCC_NO_COMMON_BLOCKS = YES;
				GCC_OPTIMIZATION_LEVEL = 0;
				GCC_PREPROCESSOR_DEFINITIONS = (
					"DEBUG=1",
					"$(inherited)",
				);
				GCC_WARN_64_TO_32_BIT_CONVERSION = YES;
				GCC_WARN_ABOUT_RETURN_TYPE = YES_ERROR;
				GCC_WARN_UNDECLARED_SELECTOR = YES;
				GCC_WARN_UNINITIALIZED_AUTOS = YES_AGGRESSIVE;
				GCC_WARN_UNUSED_FUNCTION = YES;
				GCC_WARN_UNUSED_VARIABLE = YES;
				IPHONEOS_DEPLOYMENT_TARGET = 12.2;
				MTL_ENABLE_DEBUG_INFO = INCLUDE_SOURCE;
				MTL_FAST_MATH = YES;
				ONLY_ACTIVE_ARCH = YES;
				SDKROOT = iphoneos;
				SWIFT_ACTIVE_COMPILATION_CONDITIONS = DEBUG;
				SWIFT_OPTIMIZATION_LEVEL = "-Onone";
			};
			name = Debug;
		};
		155AAF54228C351D00158A44 /* Release */ = {
			isa = XCBuildConfiguration;
			buildSettings = {
				ALWAYS_SEARCH_USER_PATHS = NO;
				CLANG_ANALYZER_NONNULL = YES;
				CLANG_ANALYZER_NUMBER_OBJECT_CONVERSION = YES_AGGRESSIVE;
				CLANG_CXX_LANGUAGE_STANDARD = "gnu++14";
				CLANG_CXX_LIBRARY = "libc++";
				CLANG_ENABLE_MODULES = YES;
				CLANG_ENABLE_OBJC_ARC = YES;
				CLANG_ENABLE_OBJC_WEAK = YES;
				CLANG_WARN_BLOCK_CAPTURE_AUTORELEASING = YES;
				CLANG_WARN_BOOL_CONVERSION = YES;
				CLANG_WARN_COMMA = YES;
				CLANG_WARN_CONSTANT_CONVERSION = YES;
				CLANG_WARN_DEPRECATED_OBJC_IMPLEMENTATIONS = YES;
				CLANG_WARN_DIRECT_OBJC_ISA_USAGE = YES_ERROR;
				CLANG_WARN_DOCUMENTATION_COMMENTS = YES;
				CLANG_WARN_EMPTY_BODY = YES;
				CLANG_WARN_ENUM_CONVERSION = YES;
				CLANG_WARN_INFINITE_RECURSION = YES;
				CLANG_WARN_INT_CONVERSION = YES;
				CLANG_WARN_NON_LITERAL_NULL_CONVERSION = YES;
				CLANG_WARN_OBJC_IMPLICIT_RETAIN_SELF = YES;
				CLANG_WARN_OBJC_LITERAL_CONVERSION = YES;
				CLANG_WARN_OBJC_ROOT_CLASS = YES_ERROR;
				CLANG_WARN_RANGE_LOOP_ANALYSIS = YES;
				CLANG_WARN_STRICT_PROTOTYPES = YES;
				CLANG_WARN_SUSPICIOUS_MOVE = YES;
				CLANG_WARN_UNGUARDED_AVAILABILITY = YES_AGGRESSIVE;
				CLANG_WARN_UNREACHABLE_CODE = YES;
				CLANG_WARN__DUPLICATE_METHOD_MATCH = YES;
				CODE_SIGN_IDENTITY = "iPhone Developer";
				COPY_PHASE_STRIP = NO;
				DEBUG_INFORMATION_FORMAT = "dwarf-with-dsym";
				ENABLE_NS_ASSERTIONS = NO;
				ENABLE_STRICT_OBJC_MSGSEND = YES;
				GCC_C_LANGUAGE_STANDARD = gnu11;
				GCC_NO_COMMON_BLOCKS = YES;
				GCC_WARN_64_TO_32_BIT_CONVERSION = YES;
				GCC_WARN_ABOUT_RETURN_TYPE = YES_ERROR;
				GCC_WARN_UNDECLARED_SELECTOR = YES;
				GCC_WARN_UNINITIALIZED_AUTOS = YES_AGGRESSIVE;
				GCC_WARN_UNUSED_FUNCTION = YES;
				GCC_WARN_UNUSED_VARIABLE = YES;
				IPHONEOS_DEPLOYMENT_TARGET = 12.2;
				MTL_ENABLE_DEBUG_INFO = NO;
				MTL_FAST_MATH = YES;
				SDKROOT = iphoneos;
				SWIFT_COMPILATION_MODE = wholemodule;
				SWIFT_OPTIMIZATION_LEVEL = "-O";
				VALIDATE_PRODUCT = YES;
			};
			name = Release;
		};
		155AAF56228C351D00158A44 /* Debug */ = {
			isa = XCBuildConfiguration;
			buildSettings = {
				ASSETCATALOG_COMPILER_APPICON_NAME = AppIcon;
				CODE_SIGN_STYLE = Automatic;
				INFOPLIST_FILE = "Aula 8/Info.plist";
				LD_RUNPATH_SEARCH_PATHS = (
					"$(inherited)",
					"@executable_path/Frameworks",
				);
				PRODUCT_BUNDLE_IDENTIFIER = "con.bruno.Aula-8";
				PRODUCT_NAME = "$(TARGET_NAME)";
				SWIFT_VERSION = 5.0;
				TARGETED_DEVICE_FAMILY = "1,2";
			};
			name = Debug;
		};
		155AAF57228C351D00158A44 /* Release */ = {
			isa = XCBuildConfiguration;
			buildSettings = {
				ASSETCATALOG_COMPILER_APPICON_NAME = AppIcon;
				CODE_SIGN_STYLE = Automatic;
				INFOPLIST_FILE = "Aula 8/Info.plist";
				LD_RUNPATH_SEARCH_PATHS = (
					"$(inherited)",
					"@executable_path/Frameworks",
				);
				PRODUCT_BUNDLE_IDENTIFIER = "con.bruno.Aula-8";
				PRODUCT_NAME = "$(TARGET_NAME)";
				SWIFT_VERSION = 5.0;
				TARGETED_DEVICE_FAMILY = "1,2";
			};
			name = Release;
		};
		155AAF59228C351D00158A44 /* Debug */ = {
			isa = XCBuildConfiguration;
			buildSettings = {
				ALWAYS_EMBED_SWIFT_STANDARD_LIBRARIES = YES;
				BUNDLE_LOADER = "$(TEST_HOST)";
				CODE_SIGN_STYLE = Automatic;
				INFOPLIST_FILE = "Aula 8Tests/Info.plist";
				LD_RUNPATH_SEARCH_PATHS = (
					"$(inherited)",
					"@executable_path/Frameworks",
					"@loader_path/Frameworks",
				);
				PRODUCT_BUNDLE_IDENTIFIER = "con.bruno.Aula-8Tests";
				PRODUCT_NAME = "$(TARGET_NAME)";
				SWIFT_VERSION = 5.0;
				TARGETED_DEVICE_FAMILY = "1,2";
				TEST_HOST = "$(BUILT_PRODUCTS_DIR)/Aula 8.app/Aula 8";
			};
			name = Debug;
		};
		155AAF5A228C351D00158A44 /* Release */ = {
			isa = XCBuildConfiguration;
			buildSettings = {
				ALWAYS_EMBED_SWIFT_STANDARD_LIBRARIES = YES;
				BUNDLE_LOADER = "$(TEST_HOST)";
				CODE_SIGN_STYLE = Automatic;
				INFOPLIST_FILE = "Aula 8Tests/Info.plist";
				LD_RUNPATH_SEARCH_PATHS = (
					"$(inherited)",
					"@executable_path/Frameworks",
					"@loader_path/Frameworks",
				);
				PRODUCT_BUNDLE_IDENTIFIER = "con.bruno.Aula-8Tests";
				PRODUCT_NAME = "$(TARGET_NAME)";
				SWIFT_VERSION = 5.0;
				TARGETED_DEVICE_FAMILY = "1,2";
				TEST_HOST = "$(BUILT_PRODUCTS_DIR)/Aula 8.app/Aula 8";
			};
			name = Release;
		};
		155AAF5C228C351D00158A44 /* Debug */ = {
			isa = XCBuildConfiguration;
			buildSettings = {
				ALWAYS_EMBED_SWIFT_STANDARD_LIBRARIES = YES;
				CODE_SIGN_STYLE = Automatic;
				INFOPLIST_FILE = "Aula 8UITests/Info.plist";
				LD_RUNPATH_SEARCH_PATHS = (
					"$(inherited)",
					"@executable_path/Frameworks",
					"@loader_path/Frameworks",
				);
				PRODUCT_BUNDLE_IDENTIFIER = "con.bruno.Aula-8UITests";
				PRODUCT_NAME = "$(TARGET_NAME)";
				SWIFT_VERSION = 5.0;
				TARGETED_DEVICE_FAMILY = "1,2";
				TEST_TARGET_NAME = "Aula 8";
			};
			name = Debug;
		};
		155AAF5D228C351D00158A44 /* Release */ = {
			isa = XCBuildConfiguration;
			buildSettings = {
				ALWAYS_EMBED_SWIFT_STANDARD_LIBRARIES = YES;
				CODE_SIGN_STYLE = Automatic;
				INFOPLIST_FILE = "Aula 8UITests/Info.plist";
				LD_RUNPATH_SEARCH_PATHS = (
					"$(inherited)",
					"@executable_path/Frameworks",
					"@loader_path/Frameworks",
				);
				PRODUCT_BUNDLE_IDENTIFIER = "con.bruno.Aula-8UITests";
				PRODUCT_NAME = "$(TARGET_NAME)";
				SWIFT_VERSION = 5.0;
				TARGETED_DEVICE_FAMILY = "1,2";
				TEST_TARGET_NAME = "Aula 8";
			};
			name = Release;
		};
/* End XCBuildConfiguration section */

/* Begin XCConfigurationList section */
		155AAF28228C351C00158A44 /* Build configuration list for PBXProject "Aula 8" */ = {
			isa = XCConfigurationList;
			buildConfigurations = (
				155AAF53228C351D00158A44 /* Debug */,
				155AAF54228C351D00158A44 /* Release */,
			);
			defaultConfigurationIsVisible = 0;
			defaultConfigurationName = Release;
		};
		155AAF55228C351D00158A44 /* Build configuration list for PBXNativeTarget "Aula 8" */ = {
			isa = XCConfigurationList;
			buildConfigurations = (
				155AAF56228C351D00158A44 /* Debug */,
				155AAF57228C351D00158A44 /* Release */,
			);
			defaultConfigurationIsVisible = 0;
			defaultConfigurationName = Release;
		};
		155AAF58228C351D00158A44 /* Build configuration list for PBXNativeTarget "Aula 8Tests" */ = {
			isa = XCConfigurationList;
			buildConfigurations = (
				155AAF59228C351D00158A44 /* Debug */,
				155AAF5A228C351D00158A44 /* Release */,
			);
			defaultConfigurationIsVisible = 0;
			defaultConfigurationName = Release;
		};
		155AAF5B228C351D00158A44 /* Build configuration list for PBXNativeTarget "Aula 8UITests" */ = {
			isa = XCConfigurationList;
			buildConfigurations = (
				155AAF5C228C351D00158A44 /* Debug */,
				155AAF5D228C351D00158A44 /* Release */,
			);
			defaultConfigurationIsVisible = 0;
			defaultConfigurationName = Release;
		};
/* End XCConfigurationList section */
	};
	rootObject = 155AAF25228C351C00158A44 /* Project object */;
}
